
Microsoft Visual Studio Solution File, Format Version 9.00
# Visual Studio 2005
Project("{8BC9CEB8-8B4A-11D0-8D11-00A0C91BC942}") = "uzlib", "uzlib\uzlib.vcproj", "{CDF82EAB-D597-47E6-911F-9602D895850A}"
EndProject
Project("{8BC9CEB8-8B4A-11D0-8D11-00A0C91BC942}") = "CKAHComm", "CKAHComm\CKAHComm.vcproj", "{0BE831E3-EA9F-4DC1-BBEF-4BC8740C4365}"
	ProjectSection(ProjectDependencies) = postProject
		{BDC8D1D4-C1F1-484C-A1B1-81A2BDEB3C60} = {BDC8D1D4-C1F1-484C-A1B1-81A2BDEB3C60}
		{95DA1CC6-73B1-4CDD-8289-93F9E5172230} = {95DA1CC6-73B1-4CDD-8289-93F9E5172230}
	EndProjectSection
EndProject
Project("{8BC9CEB8-8B4A-11D0-8D11-00A0C91BC942}") = "ckahrule", "ckahrules\ckahrules.vcproj", "{A66E661F-499C-4068-A7CC-3A7CC18EB192}"
	ProjectSection(ProjectDependencies) = postProject
		{0BE831E3-EA9F-4DC1-BBEF-4BC8740C4365} = {0BE831E3-EA9F-4DC1-BBEF-4BC8740C4365}
	EndProjectSection
EndProject
Project("{8BC9CEB8-8B4A-11D0-8D11-00A0C91BC942}") = "CKAHUM", "CKAHUM\CKAHUM.vcproj", "{B7736138-FC56-4B52-B794-8B0EA459905C}"
	ProjectSection(ProjectDependencies) = postProject
		{A66E661F-499C-4068-A7CC-3A7CC18EB192} = {A66E661F-499C-4068-A7CC-3A7CC18EB192}
		{CDF82EAB-D597-47E6-911F-9602D895850A} = {CDF82EAB-D597-47E6-911F-9602D895850A}
		{ACE4E4D5-095F-4CB3-86A9-4329AEA09503} = {ACE4E4D5-095F-4CB3-86A9-4329AEA09503}
		{0BE831E3-EA9F-4DC1-BBEF-4BC8740C4365} = {0BE831E3-EA9F-4DC1-BBEF-4BC8740C4365}
	EndProjectSection
EndProject
Project("{8BC9CEB8-8B4A-11D0-8D11-00A0C91BC942}") = "CKAHUMTESTUI2", "Test\CKAHUMTESTUI2\CKAHUMTESTUI2.vcproj", "{399CFF76-F01A-434D-834D-EBA149371C08}"
	ProjectSection(ProjectDependencies) = postProject
		{A66E661F-499C-4068-A7CC-3A7CC18EB192} = {A66E661F-499C-4068-A7CC-3A7CC18EB192}
		{B7736138-FC56-4B52-B794-8B0EA459905C} = {B7736138-FC56-4B52-B794-8B0EA459905C}
	EndProjectSection
EndProject
Project("{8BC9CEB8-8B4A-11D0-8D11-00A0C91BC942}") = "kl1lib", "..\Windows\Hook\kl1lib\kl1lib.vcproj", "{ACE4E4D5-095F-4CB3-86A9-4329AEA09503}"
EndProject
Project("{8BC9CEB8-8B4A-11D0-8D11-00A0C91BC942}") = "FSSync", "..\Windows\Hook\FSSync\FSSync.vcproj", "{95DA1CC6-73B1-4CDD-8289-93F9E5172230}"
	ProjectSection(ProjectDependencies) = postProject
		{E5B67A11-D0F2-4404-BDE0-3723A4CF0BDC} = {E5B67A11-D0F2-4404-BDE0-3723A4CF0BDC}
	EndProjectSection
EndProject
Project("{8BC9CEB8-8B4A-11D0-8D11-00A0C91BC942}") = "FSDrvLib", "..\Windows\Hook\FSDrvLib\FSDrvLib.vcproj", "{E5B67A11-D0F2-4404-BDE0-3723A4CF0BDC}"
	ProjectSection(ProjectDependencies) = postProject
		{BDC8D1D4-C1F1-484C-A1B1-81A2BDEB3C60} = {BDC8D1D4-C1F1-484C-A1B1-81A2BDEB3C60}
	EndProjectSection
EndProject
Project("{8BC9CEB8-8B4A-11D0-8D11-00A0C91BC942}") = "_CommonFiles_NoUnicode", "..\CommonFiles\_CommonFiles_NoUnicode.vcproj", "{BDC8D1D4-C1F1-484C-A1B1-81A2BDEB3C60}"
EndProject
Global
	GlobalSection(SolutionConfigurationPlatforms) = preSolution
		Debug_Unicode|Win32 = Debug_Unicode|Win32
		Debug_Unicode|x64 = Debug_Unicode|x64
		Debug|Win32 = Debug|Win32
		Debug|x64 = Debug|x64
		DebugS AutoThreadReg|Win32 = DebugS AutoThreadReg|Win32
		DebugS AutoThreadReg|x64 = DebugS AutoThreadReg|x64
		DebugS|Win32 = DebugS|Win32
		DebugS|x64 = DebugS|x64
		Release_Unicode|Win32 = Release_Unicode|Win32
		Release_Unicode|x64 = Release_Unicode|x64
		Release|Win32 = Release|Win32
		Release|x64 = Release|x64
		ReleaseS|Win32 = ReleaseS|Win32
		ReleaseS|x64 = ReleaseS|x64
	EndGlobalSection
	GlobalSection(ProjectConfigurationPlatforms) = postSolution
		{CDF82EAB-D597-47E6-911F-9602D895850A}.Debug_Unicode|Win32.ActiveCfg = Debug|Win32
		{CDF82EAB-D597-47E6-911F-9602D895850A}.Debug_Unicode|Win32.Build.0 = Debug|Win32
		{CDF82EAB-D597-47E6-911F-9602D895850A}.Debug_Unicode|x64.ActiveCfg = Debug|Win32
		{CDF82EAB-D597-47E6-911F-9602D895850A}.Debug|Win32.ActiveCfg = Debug|Win32
		{CDF82EAB-D597-47E6-911F-9602D895850A}.Debug|Win32.Build.0 = Debug|Win32
		{CDF82EAB-D597-47E6-911F-9602D895850A}.Debug|x64.ActiveCfg = Debug|x64
		{CDF82EAB-D597-47E6-911F-9602D895850A}.Debug|x64.Build.0 = Debug|x64
		{CDF82EAB-D597-47E6-911F-9602D895850A}.DebugS AutoThreadReg|Win32.ActiveCfg = Debug|Win32
		{CDF82EAB-D597-47E6-911F-9602D895850A}.DebugS AutoThreadReg|Win32.Build.0 = Debug|Win32
		{CDF82EAB-D597-47E6-911F-9602D895850A}.DebugS AutoThreadReg|x64.ActiveCfg = Debug|Win32
		{CDF82EAB-D597-47E6-911F-9602D895850A}.DebugS|Win32.ActiveCfg = Debug|Win32
		{CDF82EAB-D597-47E6-911F-9602D895850A}.DebugS|Win32.Build.0 = Debug|Win32
		{CDF82EAB-D597-47E6-911F-9602D895850A}.DebugS|x64.ActiveCfg = Debug|Win32
		{CDF82EAB-D597-47E6-911F-9602D895850A}.Release_Unicode|Win32.ActiveCfg = Release|Win32
		{CDF82EAB-D597-47E6-911F-9602D895850A}.Release_Unicode|Win32.Build.0 = Release|Win32
		{CDF82EAB-D597-47E6-911F-9602D895850A}.Release_Unicode|x64.ActiveCfg = Release|Win32
		{CDF82EAB-D597-47E6-911F-9602D895850A}.Release|Win32.ActiveCfg = Release|Win32
		{CDF82EAB-D597-47E6-911F-9602D895850A}.Release|Win32.Build.0 = Release|Win32
		{CDF82EAB-D597-47E6-911F-9602D895850A}.Release|x64.ActiveCfg = Release|Win32
		{CDF82EAB-D597-47E6-911F-9602D895850A}.ReleaseS|Win32.ActiveCfg = Release|Win32
		{CDF82EAB-D597-47E6-911F-9602D895850A}.ReleaseS|Win32.Build.0 = Release|Win32
		{CDF82EAB-D597-47E6-911F-9602D895850A}.ReleaseS|x64.ActiveCfg = Release|Win32
		{0BE831E3-EA9F-4DC1-BBEF-4BC8740C4365}.Debug_Unicode|Win32.ActiveCfg = Debug|Win32
		{0BE831E3-EA9F-4DC1-BBEF-4BC8740C4365}.Debug_Unicode|Win32.Build.0 = Debug|Win32
		{0BE831E3-EA9F-4DC1-BBEF-4BC8740C4365}.Debug_Unicode|x64.ActiveCfg = Debug|Win32
		{0BE831E3-EA9F-4DC1-BBEF-4BC8740C4365}.Debug|Win32.ActiveCfg = Debug|Win32
		{0BE831E3-EA9F-4DC1-BBEF-4BC8740C4365}.Debug|Win32.Build.0 = Debug|Win32
		{0BE831E3-EA9F-4DC1-BBEF-4BC8740C4365}.Debug|x64.ActiveCfg = Debug|Win32
		{0BE831E3-EA9F-4DC1-BBEF-4BC8740C4365}.DebugS AutoThreadReg|Win32.ActiveCfg = Debug|Win32
		{0BE831E3-EA9F-4DC1-BBEF-4BC8740C4365}.DebugS AutoThreadReg|Win32.Build.0 = Debug|Win32
		{0BE831E3-EA9F-4DC1-BBEF-4BC8740C4365}.DebugS AutoThreadReg|x64.ActiveCfg = Debug|Win32
		{0BE831E3-EA9F-4DC1-BBEF-4BC8740C4365}.DebugS|Win32.ActiveCfg = Debug|Win32
		{0BE831E3-EA9F-4DC1-BBEF-4BC8740C4365}.DebugS|Win32.Build.0 = Debug|Win32
		{0BE831E3-EA9F-4DC1-BBEF-4BC8740C4365}.DebugS|x64.ActiveCfg = Debug|Win32
		{0BE831E3-EA9F-4DC1-BBEF-4BC8740C4365}.Release_Unicode|Win32.ActiveCfg = Release|Win32
		{0BE831E3-EA9F-4DC1-BBEF-4BC8740C4365}.Release_Unicode|Win32.Build.0 = Release|Win32
		{0BE831E3-EA9F-4DC1-BBEF-4BC8740C4365}.Release_Unicode|x64.ActiveCfg = Release|Win32
		{0BE831E3-EA9F-4DC1-BBEF-4BC8740C4365}.Release|Win32.ActiveCfg = Release|Win32
		{0BE831E3-EA9F-4DC1-BBEF-4BC8740C4365}.Release|Win32.Build.0 = Release|Win32
		{0BE831E3-EA9F-4DC1-BBEF-4BC8740C4365}.Release|x64.ActiveCfg = Release|Win32
		{0BE831E3-EA9F-4DC1-BBEF-4BC8740C4365}.ReleaseS|Win32.ActiveCfg = Release|Win32
		{0BE831E3-EA9F-4DC1-BBEF-4BC8740C4365}.ReleaseS|Win32.Build.0 = Release|Win32
		{0BE831E3-EA9F-4DC1-BBEF-4BC8740C4365}.ReleaseS|x64.ActiveCfg = Release|Win32
		{A66E661F-499C-4068-A7CC-3A7CC18EB192}.Debug_Unicode|Win32.ActiveCfg = Debug|Win32
		{A66E661F-499C-4068-A7CC-3A7CC18EB192}.Debug_Unicode|Win32.Build.0 = Debug|Win32
		{A66E661F-499C-4068-A7CC-3A7CC18EB192}.Debug_Unicode|x64.ActiveCfg = Debug|Win32
		{A66E661F-499C-4068-A7CC-3A7CC18EB192}.Debug|Win32.ActiveCfg = Debug|Win32
		{A66E661F-499C-4068-A7CC-3A7CC18EB192}.Debug|Win32.Build.0 = Debug|Win32
		{A66E661F-499C-4068-A7CC-3A7CC18EB192}.Debug|x64.ActiveCfg = Debug|Win32
		{A66E661F-499C-4068-A7CC-3A7CC18EB192}.DebugS AutoThreadReg|Win32.ActiveCfg = Debug|Win32
		{A66E661F-499C-4068-A7CC-3A7CC18EB192}.DebugS AutoThreadReg|Win32.Build.0 = Debug|Win32
		{A66E661F-499C-4068-A7CC-3A7CC18EB192}.DebugS AutoThreadReg|x64.ActiveCfg = Debug|Win32
		{A66E661F-499C-4068-A7CC-3A7CC18EB192}.DebugS|Win32.ActiveCfg = Debug|Win32
		{A66E661F-499C-4068-A7CC-3A7CC18EB192}.DebugS|Win32.Build.0 = Debug|Win32
		{A66E661F-499C-4068-A7CC-3A7CC18EB192}.DebugS|x64.ActiveCfg = Debug|Win32
		{A66E661F-499C-4068-A7CC-3A7CC18EB192}.Release_Unicode|Win32.ActiveCfg = Release|Win32
		{A66E661F-499C-4068-A7CC-3A7CC18EB192}.Release_Unicode|Win32.Build.0 = Release|Win32
		{A66E661F-499C-4068-A7CC-3A7CC18EB192}.Release_Unicode|x64.ActiveCfg = Release|Win32
		{A66E661F-499C-4068-A7CC-3A7CC18EB192}.Release|Win32.ActiveCfg = Release|Win32
		{A66E661F-499C-4068-A7CC-3A7CC18EB192}.Release|Win32.Build.0 = Release|Win32
		{A66E661F-499C-4068-A7CC-3A7CC18EB192}.Release|x64.ActiveCfg = Release|Win32
		{A66E661F-499C-4068-A7CC-3A7CC18EB192}.ReleaseS|Win32.ActiveCfg = Release|Win32
		{A66E661F-499C-4068-A7CC-3A7CC18EB192}.ReleaseS|Win32.Build.0 = Release|Win32
		{A66E661F-499C-4068-A7CC-3A7CC18EB192}.ReleaseS|x64.ActiveCfg = Release|Win32
		{B7736138-FC56-4B52-B794-8B0EA459905C}.Debug_Unicode|Win32.ActiveCfg = Debug|Win32
		{B7736138-FC56-4B52-B794-8B0EA459905C}.Debug_Unicode|Win32.Build.0 = Debug|Win32
		{B7736138-FC56-4B52-B794-8B0EA459905C}.Debug_Unicode|x64.ActiveCfg = Debug|Win32
		{B7736138-FC56-4B52-B794-8B0EA459905C}.Debug|Win32.ActiveCfg = Debug|Win32
		{B7736138-FC56-4B52-B794-8B0EA459905C}.Debug|Win32.Build.0 = Debug|Win32
		{B7736138-FC56-4B52-B794-8B0EA459905C}.Debug|x64.ActiveCfg = Debug|Win32
		{B7736138-FC56-4B52-B794-8B0EA459905C}.DebugS AutoThreadReg|Win32.ActiveCfg = Debug|Win32
		{B7736138-FC56-4B52-B794-8B0EA459905C}.DebugS AutoThreadReg|Win32.Build.0 = Debug|Win32
		{B7736138-FC56-4B52-B794-8B0EA459905C}.DebugS AutoThreadReg|x64.ActiveCfg = Debug|Win32
		{B7736138-FC56-4B52-B794-8B0EA459905C}.DebugS|Win32.ActiveCfg = Debug|Win32
		{B7736138-FC56-4B52-B794-8B0EA459905C}.DebugS|Win32.Build.0 = Debug|Win32
		{B7736138-FC56-4B52-B794-8B0EA459905C}.DebugS|x64.ActiveCfg = Debug|Win32
		{B7736138-FC56-4B52-B794-8B0EA459905C}.Release_Unicode|Win32.ActiveCfg = Release|Win32
		{B7736138-FC56-4B52-B794-8B0EA459905C}.Release_Unicode|Win32.Build.0 = Release|Win32
		{B7736138-FC56-4B52-B794-8B0EA459905C}.Release_Unicode|x64.ActiveCfg = Release|Win32
		{B7736138-FC56-4B52-B794-8B0EA459905C}.Release|Win32.ActiveCfg = Release|Win32
		{B7736138-FC56-4B52-B794-8B0EA459905C}.Release|Win32.Build.0 = Release|Win32
		{B7736138-FC56-4B52-B794-8B0EA459905C}.Release|x64.ActiveCfg = Release|Win32
		{B7736138-FC56-4B52-B794-8B0EA459905C}.ReleaseS|Win32.ActiveCfg = Release|Win32
		{B7736138-FC56-4B52-B794-8B0EA459905C}.ReleaseS|Win32.Build.0 = Release|Win32
		{B7736138-FC56-4B52-B794-8B0EA459905C}.ReleaseS|x64.ActiveCfg = Release|Win32
		{399CFF76-F01A-434D-834D-EBA149371C08}.Debug_Unicode|Win32.ActiveCfg = Debug_Unicode|Win32
		{399CFF76-F01A-434D-834D-EBA149371C08}.Debug_Unicode|Win32.Build.0 = Debug_Unicode|Win32
		{399CFF76-F01A-434D-834D-EBA149371C08}.Debug_Unicode|x64.ActiveCfg = Debug_Unicode|x64
		{399CFF76-F01A-434D-834D-EBA149371C08}.Debug_Unicode|x64.Build.0 = Debug_Unicode|x64
		{399CFF76-F01A-434D-834D-EBA149371C08}.Debug|Win32.ActiveCfg = Debug|Win32
		{399CFF76-F01A-434D-834D-EBA149371C08}.Debug|Win32.Build.0 = Debug|Win32
		{399CFF76-F01A-434D-834D-EBA149371C08}.Debug|x64.ActiveCfg = Debug|x64
		{399CFF76-F01A-434D-834D-EBA149371C08}.Debug|x64.Build.0 = Debug|x64
		{399CFF76-F01A-434D-834D-EBA149371C08}.DebugS AutoThreadReg|Win32.ActiveCfg = Debug_Unicode|x64
		{399CFF76-F01A-434D-834D-EBA149371C08}.DebugS AutoThreadReg|x64.ActiveCfg = Debug_Unicode|x64
		{399CFF76-F01A-434D-834D-EBA149371C08}.DebugS AutoThreadReg|x64.Build.0 = Debug_Unicode|x64
		{399CFF76-F01A-434D-834D-EBA149371C08}.DebugS|Win32.ActiveCfg = Debug|Win32
		{399CFF76-F01A-434D-834D-EBA149371C08}.DebugS|Win32.Build.0 = Debug|Win32
		{399CFF76-F01A-434D-834D-EBA149371C08}.DebugS|x64.ActiveCfg = Debug_Unicode|x64
		{399CFF76-F01A-434D-834D-EBA149371C08}.DebugS|x64.Build.0 = Debug_Unicode|x64
		{399CFF76-F01A-434D-834D-EBA149371C08}.Release_Unicode|Win32.ActiveCfg = Release_Unicode|Win32
		{399CFF76-F01A-434D-834D-EBA149371C08}.Release_Unicode|Win32.Build.0 = Release_Unicode|Win32
		{399CFF76-F01A-434D-834D-EBA149371C08}.Release_Unicode|x64.ActiveCfg = Release_Unicode|x64
		{399CFF76-F01A-434D-834D-EBA149371C08}.Release_Unicode|x64.Build.0 = Release_Unicode|x64
		{399CFF76-F01A-434D-834D-EBA149371C08}.Release|Win32.ActiveCfg = Release|Win32
		{399CFF76-F01A-434D-834D-EBA149371C08}.Release|Win32.Build.0 = Release|Win32
		{399CFF76-F01A-434D-834D-EBA149371C08}.Release|x64.ActiveCfg = Release|x64
		{399CFF76-F01A-434D-834D-EBA149371C08}.Release|x64.Build.0 = Release|x64
		{399CFF76-F01A-434D-834D-EBA149371C08}.ReleaseS|Win32.ActiveCfg = Release|Win32
		{399CFF76-F01A-434D-834D-EBA149371C08}.ReleaseS|Win32.Build.0 = Release|Win32
		{399CFF76-F01A-434D-834D-EBA149371C08}.ReleaseS|x64.ActiveCfg = Release_Unicode|x64
		{399CFF76-F01A-434D-834D-EBA149371C08}.ReleaseS|x64.Build.0 = Release_Unicode|x64
		{ACE4E4D5-095F-4CB3-86A9-4329AEA09503}.Debug_Unicode|Win32.ActiveCfg = Debug|x64
		{ACE4E4D5-095F-4CB3-86A9-4329AEA09503}.Debug_Unicode|x64.ActiveCfg = Debug|x64
		{ACE4E4D5-095F-4CB3-86A9-4329AEA09503}.Debug_Unicode|x64.Build.0 = Debug|x64
		{ACE4E4D5-095F-4CB3-86A9-4329AEA09503}.Debug|Win32.ActiveCfg = Debug|Win32
		{ACE4E4D5-095F-4CB3-86A9-4329AEA09503}.Debug|Win32.Build.0 = Debug|Win32
		{ACE4E4D5-095F-4CB3-86A9-4329AEA09503}.Debug|x64.ActiveCfg = Debug|x64
		{ACE4E4D5-095F-4CB3-86A9-4329AEA09503}.Debug|x64.Build.0 = Debug|x64
		{ACE4E4D5-095F-4CB3-86A9-4329AEA09503}.DebugS AutoThreadReg|Win32.ActiveCfg = Debug|x64
		{ACE4E4D5-095F-4CB3-86A9-4329AEA09503}.DebugS AutoThreadReg|x64.ActiveCfg = Debug|x64
		{ACE4E4D5-095F-4CB3-86A9-4329AEA09503}.DebugS AutoThreadReg|x64.Build.0 = Debug|x64
		{ACE4E4D5-095F-4CB3-86A9-4329AEA09503}.DebugS|Win32.ActiveCfg = Debug|x64
		{ACE4E4D5-095F-4CB3-86A9-4329AEA09503}.DebugS|x64.ActiveCfg = Debug|x64
		{ACE4E4D5-095F-4CB3-86A9-4329AEA09503}.DebugS|x64.Build.0 = Debug|x64
		{ACE4E4D5-095F-4CB3-86A9-4329AEA09503}.Release_Unicode|Win32.ActiveCfg = Release|x64
		{ACE4E4D5-095F-4CB3-86A9-4329AEA09503}.Release_Unicode|x64.ActiveCfg = Release|x64
		{ACE4E4D5-095F-4CB3-86A9-4329AEA09503}.Release_Unicode|x64.Build.0 = Release|x64
		{ACE4E4D5-095F-4CB3-86A9-4329AEA09503}.Release|Win32.ActiveCfg = Release|Win32
		{ACE4E4D5-095F-4CB3-86A9-4329AEA09503}.Release|Win32.Build.0 = Release|Win32
		{ACE4E4D5-095F-4CB3-86A9-4329AEA09503}.Release|x64.ActiveCfg = Release|x64
		{ACE4E4D5-095F-4CB3-86A9-4329AEA09503}.Release|x64.Build.0 = Release|x64
		{ACE4E4D5-095F-4CB3-86A9-4329AEA09503}.ReleaseS|Win32.ActiveCfg = Release|x64
		{ACE4E4D5-095F-4CB3-86A9-4329AEA09503}.ReleaseS|x64.ActiveCfg = Release|x64
		{ACE4E4D5-095F-4CB3-86A9-4329AEA09503}.ReleaseS|x64.Build.0 = Release|x64
		{95DA1CC6-73B1-4CDD-8289-93F9E5172230}.Debug_Unicode|Win32.ActiveCfg = Debug|x64
		{95DA1CC6-73B1-4CDD-8289-93F9E5172230}.Debug_Unicode|x64.ActiveCfg = Debug|x64
		{95DA1CC6-73B1-4CDD-8289-93F9E5172230}.Debug_Unicode|x64.Build.0 = Debug|x64
		{95DA1CC6-73B1-4CDD-8289-93F9E5172230}.Debug|Win32.ActiveCfg = Debug|Win32
		{95DA1CC6-73B1-4CDD-8289-93F9E5172230}.Debug|Win32.Build.0 = Debug|Win32
		{95DA1CC6-73B1-4CDD-8289-93F9E5172230}.Debug|x64.ActiveCfg = Debug|x64
		{95DA1CC6-73B1-4CDD-8289-93F9E5172230}.Debug|x64.Build.0 = Debug|x64
		{95DA1CC6-73B1-4CDD-8289-93F9E5172230}.DebugS AutoThreadReg|Win32.ActiveCfg = DebugS AutoThreadReg|Win32
		{95DA1CC6-73B1-4CDD-8289-93F9E5172230}.DebugS AutoThreadReg|Win32.Build.0 = DebugS AutoThreadReg|Win32
		{95DA1CC6-73B1-4CDD-8289-93F9E5172230}.DebugS AutoThreadReg|x64.ActiveCfg = DebugS AutoThreadReg|x64
		{95DA1CC6-73B1-4CDD-8289-93F9E5172230}.DebugS AutoThreadReg|x64.Build.0 = DebugS AutoThreadReg|x64
		{95DA1CC6-73B1-4CDD-8289-93F9E5172230}.DebugS|Win32.ActiveCfg = DebugS|Win32
		{95DA1CC6-73B1-4CDD-8289-93F9E5172230}.DebugS|Win32.Build.0 = DebugS|Win32
		{95DA1CC6-73B1-4CDD-8289-93F9E5172230}.DebugS|x64.ActiveCfg = DebugS|x64
		{95DA1CC6-73B1-4CDD-8289-93F9E5172230}.DebugS|x64.Build.0 = DebugS|x64
		{95DA1CC6-73B1-4CDD-8289-93F9E5172230}.Release_Unicode|Win32.ActiveCfg = ReleaseS|x64
		{95DA1CC6-73B1-4CDD-8289-93F9E5172230}.Release_Unicode|x64.ActiveCfg = ReleaseS|x64
		{95DA1CC6-73B1-4CDD-8289-93F9E5172230}.Release_Unicode|x64.Build.0 = ReleaseS|x64
		{95DA1CC6-73B1-4CDD-8289-93F9E5172230}.Release|Win32.ActiveCfg = Release|Win32
		{95DA1CC6-73B1-4CDD-8289-93F9E5172230}.Release|Win32.Build.0 = Release|Win32
		{95DA1CC6-73B1-4CDD-8289-93F9E5172230}.Release|x64.ActiveCfg = Release|x64
		{95DA1CC6-73B1-4CDD-8289-93F9E5172230}.Release|x64.Build.0 = Release|x64
		{95DA1CC6-73B1-4CDD-8289-93F9E5172230}.ReleaseS|Win32.ActiveCfg = ReleaseS|Win32
		{95DA1CC6-73B1-4CDD-8289-93F9E5172230}.ReleaseS|Win32.Build.0 = ReleaseS|Win32
		{95DA1CC6-73B1-4CDD-8289-93F9E5172230}.ReleaseS|x64.ActiveCfg = ReleaseS|x64
		{95DA1CC6-73B1-4CDD-8289-93F9E5172230}.ReleaseS|x64.Build.0 = ReleaseS|x64
		{E5B67A11-D0F2-4404-BDE0-3723A4CF0BDC}.Debug_Unicode|Win32.ActiveCfg = Debug|Win32
		{E5B67A11-D0F2-4404-BDE0-3723A4CF0BDC}.Debug_Unicode|Win32.Build.0 = Debug|Win32
		{E5B67A11-D0F2-4404-BDE0-3723A4CF0BDC}.Debug_Unicode|x64.ActiveCfg = Debug|Win32
		{E5B67A11-D0F2-4404-BDE0-3723A4CF0BDC}.Debug|Win32.ActiveCfg = Debug|Win32
		{E5B67A11-D0F2-4404-BDE0-3723A4CF0BDC}.Debug|Win32.Build.0 = Debug|Win32
		{E5B67A11-D0F2-4404-BDE0-3723A4CF0BDC}.Debug|x64.ActiveCfg = Debug|Win32
		{E5B67A11-D0F2-4404-BDE0-3723A4CF0BDC}.DebugS AutoThreadReg|Win32.ActiveCfg = DebugS|Win32
		{E5B67A11-D0F2-4404-BDE0-3723A4CF0BDC}.DebugS AutoThreadReg|Win32.Build.0 = DebugS|Win32
		{E5B67A11-D0F2-4404-BDE0-3723A4CF0BDC}.DebugS AutoThreadReg|x64.ActiveCfg = DebugS|Win32
		{E5B67A11-D0F2-4404-BDE0-3723A4CF0BDC}.DebugS|Win32.ActiveCfg = DebugS|Win32
		{E5B67A11-D0F2-4404-BDE0-3723A4CF0BDC}.DebugS|Win32.Build.0 = DebugS|Win32
		{E5B67A11-D0F2-4404-BDE0-3723A4CF0BDC}.DebugS|x64.ActiveCfg = DebugS|Win32
		{E5B67A11-D0F2-4404-BDE0-3723A4CF0BDC}.Release_Unicode|Win32.ActiveCfg = ReleaseS|Win32
		{E5B67A11-D0F2-4404-BDE0-3723A4CF0BDC}.Release_Unicode|Win32.Build.0 = ReleaseS|Win32
		{E5B67A11-D0F2-4404-BDE0-3723A4CF0BDC}.Release_Unicode|x64.ActiveCfg = ReleaseS|Win32
		{E5B67A11-D0F2-4404-BDE0-3723A4CF0BDC}.Release|Win32.ActiveCfg = Release|Win32
		{E5B67A11-D0F2-4404-BDE0-3723A4CF0BDC}.Release|Win32.Build.0 = Release|Win32
		{E5B67A11-D0F2-4404-BDE0-3723A4CF0BDC}.Release|x64.ActiveCfg = Release|Win32
		{E5B67A11-D0F2-4404-BDE0-3723A4CF0BDC}.ReleaseS|Win32.ActiveCfg = ReleaseS|Win32
		{E5B67A11-D0F2-4404-BDE0-3723A4CF0BDC}.ReleaseS|Win32.Build.0 = ReleaseS|Win32
		{E5B67A11-D0F2-4404-BDE0-3723A4CF0BDC}.ReleaseS|x64.ActiveCfg = ReleaseS|Win32
		{BDC8D1D4-C1F1-484C-A1B1-81A2BDEB3C60}.Debug_Unicode|Win32.ActiveCfg = Debug|x64
		{BDC8D1D4-C1F1-484C-A1B1-81A2BDEB3C60}.Debug_Unicode|x64.ActiveCfg = Debug|x64
		{BDC8D1D4-C1F1-484C-A1B1-81A2BDEB3C60}.Debug_Unicode|x64.Build.0 = Debug|x64
		{BDC8D1D4-C1F1-484C-A1B1-81A2BDEB3C60}.Debug|Win32.ActiveCfg = Debug|Win32
		{BDC8D1D4-C1F1-484C-A1B1-81A2BDEB3C60}.Debug|Win32.Build.0 = Debug|Win32
		{BDC8D1D4-C1F1-484C-A1B1-81A2BDEB3C60}.Debug|x64.ActiveCfg = Debug|x64
		{BDC8D1D4-C1F1-484C-A1B1-81A2BDEB3C60}.Debug|x64.Build.0 = Debug|x64
		{BDC8D1D4-C1F1-484C-A1B1-81A2BDEB3C60}.DebugS AutoThreadReg|Win32.ActiveCfg = Debug|x64
		{BDC8D1D4-C1F1-484C-A1B1-81A2BDEB3C60}.DebugS AutoThreadReg|x64.ActiveCfg = Debug|x64
		{BDC8D1D4-C1F1-484C-A1B1-81A2BDEB3C60}.DebugS AutoThreadReg|x64.Build.0 = Debug|x64
		{BDC8D1D4-C1F1-484C-A1B1-81A2BDEB3C60}.DebugS|Win32.ActiveCfg = Debug|x64
		{BDC8D1D4-C1F1-484C-A1B1-81A2BDEB3C60}.DebugS|x64.ActiveCfg = Debug|x64
		{BDC8D1D4-C1F1-484C-A1B1-81A2BDEB3C60}.DebugS|x64.Build.0 = Debug|x64
		{BDC8D1D4-C1F1-484C-A1B1-81A2BDEB3C60}.Release_Unicode|Win32.ActiveCfg = Release|x64
		{BDC8D1D4-C1F1-484C-A1B1-81A2BDEB3C60}.Release_Unicode|x64.ActiveCfg = Release|x64
		{BDC8D1D4-C1F1-484C-A1B1-81A2BDEB3C60}.Release_Unicode|x64.Build.0 = Release|x64
		{BDC8D1D4-C1F1-484C-A1B1-81A2BDEB3C60}.Release|Win32.ActiveCfg = Release|Win32
		{BDC8D1D4-C1F1-484C-A1B1-81A2BDEB3C60}.Release|Win32.Build.0 = Release|Win32
		{BDC8D1D4-C1F1-484C-A1B1-81A2BDEB3C60}.Release|x64.ActiveCfg = Release|x64
		{BDC8D1D4-C1F1-484C-A1B1-81A2BDEB3C60}.Release|x64.Build.0 = Release|x64
		{BDC8D1D4-C1F1-484C-A1B1-81A2BDEB3C60}.ReleaseS|Win32.ActiveCfg = Release|x64
		{BDC8D1D4-C1F1-484C-A1B1-81A2BDEB3C60}.ReleaseS|x64.ActiveCfg = Release|x64
		{BDC8D1D4-C1F1-484C-A1B1-81A2BDEB3C60}.ReleaseS|x64.Build.0 = Release|x64
	EndGlobalSection
	GlobalSection(SolutionProperties) = preSolution
		HideSolutionNode = FALSE
	EndGlobalSection
EndGlobal
