
Microsoft Visual Studio Solution File, Format Version 9.00
# Visual Studio 2005
Project("{8BC9CEB8-8B4A-11D0-8D11-00A0C91BC942}") = "fmodmon", "fmodmon.vcproj", "{FC337878-67B4-4C30-AAFB-F2775C79ADB0}"
EndProject
Global
	GlobalSection(SolutionConfigurationPlatforms) = preSolution
		Debug|Win32 = Debug|Win32
		Release|Win32 = Release|Win32
	EndGlobalSection
	GlobalSection(ProjectConfigurationPlatforms) = postSolution
		{FC337878-67B4-4C30-AAFB-F2775C79ADB0}.Debug|Win32.ActiveCfg = Debug|Win32
		{FC337878-67B4-4C30-AAFB-F2775C79ADB0}.Debug|Win32.Build.0 = Debug|Win32
		{FC337878-67B4-4C30-AAFB-F2775C79ADB0}.Release|Win32.ActiveCfg = Release|Win32
		{FC337878-67B4-4C30-AAFB-F2775C79ADB0}.Release|Win32.Build.0 = Release|Win32
	EndGlobalSection
	GlobalSection(SolutionProperties) = preSolution
		HideSolutionNode = FALSE
	EndGlobalSection
EndGlobal
