
Microsoft Visual Studio Solution File, Format Version 9.00
# Visual Studio 2005
Project("{8BC9CEB8-8B4A-11D0-8D11-00A0C91BC942}") = "lddll", "lddll.vcproj", "{1C3B22E3-898B-49C0-A722-F51DAEED0D8E}"
EndProject
Global
	GlobalSection(SolutionConfigurationPlatforms) = preSolution
		Debug|Win32 = Debug|Win32
		Release|Win32 = Release|Win32
	EndGlobalSection
	GlobalSection(ProjectConfigurationPlatforms) = postSolution
		{1C3B22E3-898B-49C0-A722-F51DAEED0D8E}.Debug|Win32.ActiveCfg = Debug|Win32
		{1C3B22E3-898B-49C0-A722-F51DAEED0D8E}.Debug|Win32.Build.0 = Debug|Win32
		{1C3B22E3-898B-49C0-A722-F51DAEED0D8E}.Release|Win32.ActiveCfg = Release|Win32
		{1C3B22E3-898B-49C0-A722-F51DAEED0D8E}.Release|Win32.Build.0 = Release|Win32
	EndGlobalSection
	GlobalSection(SolutionProperties) = preSolution
		HideSolutionNode = FALSE
	EndGlobalSection
EndGlobal
