
Microsoft Visual Studio Solution File, Format Version 9.00
# Visual Studio 2005
Project("{8BC9CEB8-8B4A-11D0-8D11-00A0C91BC942}") = "IMAP4UnitTests", "IMAP4UnitTests\IMAP4UnitTests.vcproj", "{F4992458-1E39-42E7-BD24-957B8FE4CDDE}"
EndProject
Project("{8BC9CEB8-8B4A-11D0-8D11-00A0C91BC942}") = "FakeTrafficMonitor", "TrafficMonitor\TrafficMonitor2.vcproj", "{31C2055E-98F9-430B-9F18-13C98BD7E271}"
	ProjectSection(ProjectDependencies) = postProject
		{F4992458-1E39-42E7-BD24-957B8FE4CDDE} = {F4992458-1E39-42E7-BD24-957B8FE4CDDE}
	EndProjectSection
EndProject
Project("{8BC9CEB8-8B4A-11D0-8D11-00A0C91BC942}") = "FakeTaskManager", "TaskManager\tm.vcproj", "{2EB85799-5406-4BB4-8DE2-841A8EDA3596}"
EndProject
Project("{8BC9CEB8-8B4A-11D0-8D11-00A0C91BC942}") = "IMAP4TestsRunner", "IMAP4TestsRunner\IMAP4TestsRunner.vcproj", "{9EBB4B92-B30C-4128-9538-E662BD8DD972}"
	ProjectSection(ProjectDependencies) = postProject
		{F4992458-1E39-42E7-BD24-957B8FE4CDDE} = {F4992458-1E39-42E7-BD24-957B8FE4CDDE}
		{31C2055E-98F9-430B-9F18-13C98BD7E271} = {31C2055E-98F9-430B-9F18-13C98BD7E271}
		{2EB85799-5406-4BB4-8DE2-841A8EDA3596} = {2EB85799-5406-4BB4-8DE2-841A8EDA3596}
	EndProjectSection
EndProject
Project("{8BC9CEB8-8B4A-11D0-8D11-00A0C91BC942}") = "IMAPProtocoller", "..\..\IMAPProtocoller\IMAPProtocoller.vcproj", "{810637D2-454C-450E-9664-44027646197B}"
EndProject
Project("{8BC9CEB8-8B4A-11D0-8D11-00A0C91BC942}") = "IMAP4TestUtil", "IMAP4TestUtil\IMAP4TestUtil.vcproj", "{26A2FC87-FD9A-4C25-8EC0-FC8E05EB10E3}"
EndProject
Global
	GlobalSection(SourceCodeControl) = preSolution
		SccNumberOfProjects = 7
		SccProjectUniqueName0 = ..\\..\\IMAPProtocoller\\IMAPProtocoller.vcproj
		SccLocalPath0 = ..\\..\\IMAPProtocoller
		SccLocalPath1 = .
		SccProjectUniqueName2 = IMAP4UnitTests\\IMAP4UnitTests.vcproj
		SccLocalPath2 = .
		SccProjectFilePathRelativizedFromConnection2 = IMAP4UnitTests\\
		SccProjectUniqueName3 = TrafficMonitor\\TrafficMonitor2.vcproj
		SccLocalPath3 = .
		SccProjectFilePathRelativizedFromConnection3 = TrafficMonitor\\
		SccProjectUniqueName4 = TaskManager\\tm.vcproj
		SccLocalPath4 = .
		SccProjectFilePathRelativizedFromConnection4 = TaskManager\\
		SccProjectUniqueName5 = IMAP4TestsRunner\\IMAP4TestsRunner.vcproj
		SccLocalPath5 = .
		SccProjectFilePathRelativizedFromConnection5 = IMAP4TestsRunner\\
		SccProjectUniqueName6 = IMAP4TestUtil\\IMAP4TestUtil.vcproj
		SccLocalPath6 = .
		SccProjectFilePathRelativizedFromConnection6 = IMAP4TestUtil\\
	EndGlobalSection
	GlobalSection(SolutionConfigurationPlatforms) = preSolution
		Debug|Win32 = Debug|Win32
		Release_SSL_PDB|Win32 = Release_SSL_PDB|Win32
		Release|Win32 = Release|Win32
	EndGlobalSection
	GlobalSection(ProjectConfigurationPlatforms) = postSolution
		{F4992458-1E39-42E7-BD24-957B8FE4CDDE}.Debug|Win32.ActiveCfg = Debug|Win32
		{F4992458-1E39-42E7-BD24-957B8FE4CDDE}.Debug|Win32.Build.0 = Debug|Win32
		{F4992458-1E39-42E7-BD24-957B8FE4CDDE}.Release_SSL_PDB|Win32.ActiveCfg = Release|Win32
		{F4992458-1E39-42E7-BD24-957B8FE4CDDE}.Release_SSL_PDB|Win32.Build.0 = Release|Win32
		{F4992458-1E39-42E7-BD24-957B8FE4CDDE}.Release|Win32.ActiveCfg = Release|Win32
		{F4992458-1E39-42E7-BD24-957B8FE4CDDE}.Release|Win32.Build.0 = Release|Win32
		{31C2055E-98F9-430B-9F18-13C98BD7E271}.Debug|Win32.ActiveCfg = Debug|Win32
		{31C2055E-98F9-430B-9F18-13C98BD7E271}.Debug|Win32.Build.0 = Debug|Win32
		{31C2055E-98F9-430B-9F18-13C98BD7E271}.Release_SSL_PDB|Win32.ActiveCfg = Release_SSL_PDB|Win32
		{31C2055E-98F9-430B-9F18-13C98BD7E271}.Release_SSL_PDB|Win32.Build.0 = Release_SSL_PDB|Win32
		{31C2055E-98F9-430B-9F18-13C98BD7E271}.Release|Win32.ActiveCfg = Release|Win32
		{31C2055E-98F9-430B-9F18-13C98BD7E271}.Release|Win32.Build.0 = Release|Win32
		{2EB85799-5406-4BB4-8DE2-841A8EDA3596}.Debug|Win32.ActiveCfg = Debug|Win32
		{2EB85799-5406-4BB4-8DE2-841A8EDA3596}.Debug|Win32.Build.0 = Debug|Win32
		{2EB85799-5406-4BB4-8DE2-841A8EDA3596}.Release_SSL_PDB|Win32.ActiveCfg = Release|Win32
		{2EB85799-5406-4BB4-8DE2-841A8EDA3596}.Release_SSL_PDB|Win32.Build.0 = Release|Win32
		{2EB85799-5406-4BB4-8DE2-841A8EDA3596}.Release|Win32.ActiveCfg = Release|Win32
		{2EB85799-5406-4BB4-8DE2-841A8EDA3596}.Release|Win32.Build.0 = Release|Win32
		{9EBB4B92-B30C-4128-9538-E662BD8DD972}.Debug|Win32.ActiveCfg = Debug|Win32
		{9EBB4B92-B30C-4128-9538-E662BD8DD972}.Debug|Win32.Build.0 = Debug|Win32
		{9EBB4B92-B30C-4128-9538-E662BD8DD972}.Release_SSL_PDB|Win32.ActiveCfg = Release|Win32
		{9EBB4B92-B30C-4128-9538-E662BD8DD972}.Release_SSL_PDB|Win32.Build.0 = Release|Win32
		{9EBB4B92-B30C-4128-9538-E662BD8DD972}.Release|Win32.ActiveCfg = Release|Win32
		{9EBB4B92-B30C-4128-9538-E662BD8DD972}.Release|Win32.Build.0 = Release|Win32
		{810637D2-454C-450E-9664-44027646197B}.Debug|Win32.ActiveCfg = Debug|Win32
		{810637D2-454C-450E-9664-44027646197B}.Debug|Win32.Build.0 = Debug|Win32
		{810637D2-454C-450E-9664-44027646197B}.Release_SSL_PDB|Win32.ActiveCfg = Release|Win32
		{810637D2-454C-450E-9664-44027646197B}.Release_SSL_PDB|Win32.Build.0 = Release|Win32
		{810637D2-454C-450E-9664-44027646197B}.Release|Win32.ActiveCfg = Release|Win32
		{810637D2-454C-450E-9664-44027646197B}.Release|Win32.Build.0 = Release|Win32
		{26A2FC87-FD9A-4C25-8EC0-FC8E05EB10E3}.Debug|Win32.ActiveCfg = Debug|Win32
		{26A2FC87-FD9A-4C25-8EC0-FC8E05EB10E3}.Debug|Win32.Build.0 = Debug|Win32
		{26A2FC87-FD9A-4C25-8EC0-FC8E05EB10E3}.Release_SSL_PDB|Win32.ActiveCfg = Release|Win32
		{26A2FC87-FD9A-4C25-8EC0-FC8E05EB10E3}.Release_SSL_PDB|Win32.Build.0 = Release|Win32
		{26A2FC87-FD9A-4C25-8EC0-FC8E05EB10E3}.Release|Win32.ActiveCfg = Release|Win32
		{26A2FC87-FD9A-4C25-8EC0-FC8E05EB10E3}.Release|Win32.Build.0 = Release|Win32
	EndGlobalSection
	GlobalSection(SolutionProperties) = preSolution
		HideSolutionNode = FALSE
	EndGlobalSection
EndGlobal
