
Microsoft Visual Studio Solution File, Format Version 9.00
# Visual Studio 2005
Project("{8BC9CEB8-8B4A-11D0-8D11-00A0C91BC942}") = "klavcorelib", "klavcorelib\klavcorelib.vcproj", "{3578942A-366F-4A2E-A563-743C78565B69}"
EndProject
Project("{8BC9CEB8-8B4A-11D0-8D11-00A0C91BC942}") = "treesearchlib", "treesearchlib\TreeSearchLib.vcproj", "{FA286512-4165-4BCC-9C31-25C733CB5CE0}"
EndProject
Project("{8BC9CEB8-8B4A-11D0-8D11-00A0C91BC942}") = "klavprlib", "klavprlib\klavprlib.vcproj", "{81300B2C-D185-4760-9953-9760D3F07A25}"
EndProject
Project("{8BC9CEB8-8B4A-11D0-8D11-00A0C91BC942}") = "klavsyslib", "klavsyslib\klavsyslib.vcproj", "{879CD9FC-356A-4851-BECA-91E630ED86AC}"
EndProject
Project("{8BC9CEB8-8B4A-11D0-8D11-00A0C91BC942}") = "klavsys", "klavsys\klavsys.vcproj", "{1BF54C00-4DA3-45DA-83E5-1E9292B1C5DD}"
	ProjectSection(ProjectDependencies) = postProject
		{3578942A-366F-4A2E-A563-743C78565B69} = {3578942A-366F-4A2E-A563-743C78565B69}
		{0E982873-16FC-4B38-8EA8-6F1C737BA3AE} = {0E982873-16FC-4B38-8EA8-6F1C737BA3AE}
		{B7224B9F-77ED-436D-B302-8DDBF77B9942} = {B7224B9F-77ED-436D-B302-8DDBF77B9942}
	EndProjectSection
EndProject
Project("{8BC9CEB8-8B4A-11D0-8D11-00A0C91BC942}") = "ntreelib", "ntreelib\ntreelib.vcproj", "{D07D4292-9364-4736-B8EF-EA55318B4A42}"
EndProject
Project("{8BC9CEB8-8B4A-11D0-8D11-00A0C91BC942}") = "_All_", "_All_.vcproj", "{69A41A3F-D92A-4630-A7E2-E11C8CAE267E}"
	ProjectSection(ProjectDependencies) = postProject
		{FA286512-4165-4BCC-9C31-25C733CB5CE0} = {FA286512-4165-4BCC-9C31-25C733CB5CE0}
		{3578942A-366F-4A2E-A563-743C78565B69} = {3578942A-366F-4A2E-A563-743C78565B69}
		{81300B2C-D185-4760-9953-9760D3F07A25} = {81300B2C-D185-4760-9953-9760D3F07A25}
		{D07D4292-9364-4736-B8EF-EA55318B4A42} = {D07D4292-9364-4736-B8EF-EA55318B4A42}
		{879CD9FC-356A-4851-BECA-91E630ED86AC} = {879CD9FC-356A-4851-BECA-91E630ED86AC}
		{3A3D1531-8E74-442C-810C-4946B4F7EBAA} = {3A3D1531-8E74-442C-810C-4946B4F7EBAA}
		{1BF54C00-4DA3-45DA-83E5-1E9292B1C5DD} = {1BF54C00-4DA3-45DA-83E5-1E9292B1C5DD}
	EndProjectSection
EndProject
Project("{8BC9CEB8-8B4A-11D0-8D11-00A0C91BC942}") = "klav_engine", "klav_engine\klav_engine.vcproj", "{3A3D1531-8E74-442C-810C-4946B4F7EBAA}"
	ProjectSection(ProjectDependencies) = postProject
		{1BF54C00-4DA3-45DA-83E5-1E9292B1C5DD} = {1BF54C00-4DA3-45DA-83E5-1E9292B1C5DD}
		{0E982873-16FC-4B38-8EA8-6F1C737BA3AE} = {0E982873-16FC-4B38-8EA8-6F1C737BA3AE}
		{B7224B9F-77ED-436D-B302-8DDBF77B9942} = {B7224B9F-77ED-436D-B302-8DDBF77B9942}
		{3578942A-366F-4A2E-A563-743C78565B69} = {3578942A-366F-4A2E-A563-743C78565B69}
	EndProjectSection
EndProject
Project("{8BC9CEB8-8B4A-11D0-8D11-00A0C91BC942}") = "lzmalib", "..\..\external\lzmalib\lzmalib.vcproj", "{0E982873-16FC-4B38-8EA8-6F1C737BA3AE}"
EndProject
Project("{8BC9CEB8-8B4A-11D0-8D11-00A0C91BC942}") = "klsys", "..\..\CommonFiles\klsys\klsys.vcproj", "{B7224B9F-77ED-436D-B302-8DDBF77B9942}"
EndProject
Global
	GlobalSection(SourceCodeControl) = preSolution
		SccNumberOfProjects = 11
		SccLocalPath0 = .
		CanCheckoutShared = false
		SccProjectUniqueName1 = klavcorelib\\klavcorelib.vcproj
		SccLocalPath1 = klavcorelib
		CanCheckoutShared = false
		SccProjectUniqueName2 = klavsyslib\\klavsyslib.vcproj
		SccLocalPath2 = klavsyslib
		CanCheckoutShared = false
		SccProjectUniqueName3 = klavsys\\klavsys.vcproj
		SccLocalPath3 = klavsys
		CanCheckoutShared = false
		SccProjectUniqueName4 = klavprlib\\klavprlib.vcproj
		SccLocalPath4 = klavprlib
		CanCheckoutShared = false
		SccProjectUniqueName5 = treesearchlib\\TreeSearchLib.vcproj
		SccLocalPath5 = treesearchlib
		CanCheckoutShared = false
		SccProjectUniqueName6 = ntreelib\\ntreelib.vcproj
		SccLocalPath6 = ntreelib
		CanCheckoutShared = false
		SccProjectUniqueName7 = _All_.vcproj
		SccLocalPath7 = .
		CanCheckoutShared = false
		SccProjectUniqueName8 = klav_engine\\klav_engine.vcproj
		SccLocalPath8 = klav_engine
		CanCheckoutShared = false
		SccProjectUniqueName9 = ..\\..\\external\\lzmalib\\lzmalib.vcproj
		SccLocalPath9 = lzmalib
		CanCheckoutShared = false
		SccProjectFilePathRelativizedFromConnection9 = ..\\..\\..\\external\\lzmalib\\
		SccProjectUniqueName10 = ..\\..\\CommonFiles\\klsys\\klsys.vcproj
		SccLocalPath10 = klsys
		CanCheckoutShared = false
		SccProjectFilePathRelativizedFromConnection10 = ..\\..\\..\\CommonFiles\\klsys\\
	EndGlobalSection
	GlobalSection(SolutionConfigurationPlatforms) = preSolution
		Debug|Pocket PC 2003 (ARMV4) = Debug|Pocket PC 2003 (ARMV4)
		Debug|Smartphone 2003 (ARMV4) = Debug|Smartphone 2003 (ARMV4)
		Debug|Win32 = Debug|Win32
		Debug|x64 = Debug|x64
		DebugS|Pocket PC 2003 (ARMV4) = DebugS|Pocket PC 2003 (ARMV4)
		DebugS|Smartphone 2003 (ARMV4) = DebugS|Smartphone 2003 (ARMV4)
		DebugS|Win32 = DebugS|Win32
		DebugS|x64 = DebugS|x64
		Release|Pocket PC 2003 (ARMV4) = Release|Pocket PC 2003 (ARMV4)
		Release|Smartphone 2003 (ARMV4) = Release|Smartphone 2003 (ARMV4)
		Release|Win32 = Release|Win32
		Release|x64 = Release|x64
		ReleaseS|Pocket PC 2003 (ARMV4) = ReleaseS|Pocket PC 2003 (ARMV4)
		ReleaseS|Smartphone 2003 (ARMV4) = ReleaseS|Smartphone 2003 (ARMV4)
		ReleaseS|Win32 = ReleaseS|Win32
		ReleaseS|x64 = ReleaseS|x64
		ReleaseWithTrace|Pocket PC 2003 (ARMV4) = ReleaseWithTrace|Pocket PC 2003 (ARMV4)
		ReleaseWithTrace|Smartphone 2003 (ARMV4) = ReleaseWithTrace|Smartphone 2003 (ARMV4)
		ReleaseWithTrace|Win32 = ReleaseWithTrace|Win32
		ReleaseWithTrace|x64 = ReleaseWithTrace|x64
	EndGlobalSection
	GlobalSection(ProjectConfigurationPlatforms) = postSolution
		{3578942A-366F-4A2E-A563-743C78565B69}.Debug|Pocket PC 2003 (ARMV4).ActiveCfg = Debug|Pocket PC 2003 (ARMV4)
		{3578942A-366F-4A2E-A563-743C78565B69}.Debug|Pocket PC 2003 (ARMV4).Build.0 = Debug|Pocket PC 2003 (ARMV4)
		{3578942A-366F-4A2E-A563-743C78565B69}.Debug|Pocket PC 2003 (ARMV4).Deploy.0 = Debug|Pocket PC 2003 (ARMV4)
		{3578942A-366F-4A2E-A563-743C78565B69}.Debug|Smartphone 2003 (ARMV4).ActiveCfg = Debug|Smartphone 2003 (ARMV4)
		{3578942A-366F-4A2E-A563-743C78565B69}.Debug|Smartphone 2003 (ARMV4).Build.0 = Debug|Smartphone 2003 (ARMV4)
		{3578942A-366F-4A2E-A563-743C78565B69}.Debug|Smartphone 2003 (ARMV4).Deploy.0 = Debug|Smartphone 2003 (ARMV4)
		{3578942A-366F-4A2E-A563-743C78565B69}.Debug|Win32.ActiveCfg = Debug|Win32
		{3578942A-366F-4A2E-A563-743C78565B69}.Debug|Win32.Build.0 = Debug|Win32
		{3578942A-366F-4A2E-A563-743C78565B69}.Debug|x64.ActiveCfg = Debug|x64
		{3578942A-366F-4A2E-A563-743C78565B69}.Debug|x64.Build.0 = Debug|x64
		{3578942A-366F-4A2E-A563-743C78565B69}.DebugS|Pocket PC 2003 (ARMV4).ActiveCfg = DebugS|Pocket PC 2003 (ARMV4)
		{3578942A-366F-4A2E-A563-743C78565B69}.DebugS|Pocket PC 2003 (ARMV4).Build.0 = DebugS|Pocket PC 2003 (ARMV4)
		{3578942A-366F-4A2E-A563-743C78565B69}.DebugS|Pocket PC 2003 (ARMV4).Deploy.0 = DebugS|Pocket PC 2003 (ARMV4)
		{3578942A-366F-4A2E-A563-743C78565B69}.DebugS|Smartphone 2003 (ARMV4).ActiveCfg = DebugS|Smartphone 2003 (ARMV4)
		{3578942A-366F-4A2E-A563-743C78565B69}.DebugS|Smartphone 2003 (ARMV4).Build.0 = DebugS|Smartphone 2003 (ARMV4)
		{3578942A-366F-4A2E-A563-743C78565B69}.DebugS|Smartphone 2003 (ARMV4).Deploy.0 = DebugS|Smartphone 2003 (ARMV4)
		{3578942A-366F-4A2E-A563-743C78565B69}.DebugS|Win32.ActiveCfg = DebugS|Win32
		{3578942A-366F-4A2E-A563-743C78565B69}.DebugS|Win32.Build.0 = DebugS|Win32
		{3578942A-366F-4A2E-A563-743C78565B69}.DebugS|x64.ActiveCfg = DebugS|x64
		{3578942A-366F-4A2E-A563-743C78565B69}.DebugS|x64.Build.0 = DebugS|x64
		{3578942A-366F-4A2E-A563-743C78565B69}.Release|Pocket PC 2003 (ARMV4).ActiveCfg = Release|Pocket PC 2003 (ARMV4)
		{3578942A-366F-4A2E-A563-743C78565B69}.Release|Pocket PC 2003 (ARMV4).Build.0 = Release|Pocket PC 2003 (ARMV4)
		{3578942A-366F-4A2E-A563-743C78565B69}.Release|Pocket PC 2003 (ARMV4).Deploy.0 = Release|Pocket PC 2003 (ARMV4)
		{3578942A-366F-4A2E-A563-743C78565B69}.Release|Smartphone 2003 (ARMV4).ActiveCfg = Release|Smartphone 2003 (ARMV4)
		{3578942A-366F-4A2E-A563-743C78565B69}.Release|Smartphone 2003 (ARMV4).Build.0 = Release|Smartphone 2003 (ARMV4)
		{3578942A-366F-4A2E-A563-743C78565B69}.Release|Smartphone 2003 (ARMV4).Deploy.0 = Release|Smartphone 2003 (ARMV4)
		{3578942A-366F-4A2E-A563-743C78565B69}.Release|Win32.ActiveCfg = Release|Win32
		{3578942A-366F-4A2E-A563-743C78565B69}.Release|Win32.Build.0 = Release|Win32
		{3578942A-366F-4A2E-A563-743C78565B69}.Release|x64.ActiveCfg = Release|x64
		{3578942A-366F-4A2E-A563-743C78565B69}.Release|x64.Build.0 = Release|x64
		{3578942A-366F-4A2E-A563-743C78565B69}.ReleaseS|Pocket PC 2003 (ARMV4).ActiveCfg = ReleaseS|Pocket PC 2003 (ARMV4)
		{3578942A-366F-4A2E-A563-743C78565B69}.ReleaseS|Pocket PC 2003 (ARMV4).Build.0 = ReleaseS|Pocket PC 2003 (ARMV4)
		{3578942A-366F-4A2E-A563-743C78565B69}.ReleaseS|Pocket PC 2003 (ARMV4).Deploy.0 = ReleaseS|Pocket PC 2003 (ARMV4)
		{3578942A-366F-4A2E-A563-743C78565B69}.ReleaseS|Smartphone 2003 (ARMV4).ActiveCfg = ReleaseS|Smartphone 2003 (ARMV4)
		{3578942A-366F-4A2E-A563-743C78565B69}.ReleaseS|Smartphone 2003 (ARMV4).Build.0 = ReleaseS|Smartphone 2003 (ARMV4)
		{3578942A-366F-4A2E-A563-743C78565B69}.ReleaseS|Smartphone 2003 (ARMV4).Deploy.0 = ReleaseS|Smartphone 2003 (ARMV4)
		{3578942A-366F-4A2E-A563-743C78565B69}.ReleaseS|Win32.ActiveCfg = ReleaseS|Win32
		{3578942A-366F-4A2E-A563-743C78565B69}.ReleaseS|Win32.Build.0 = ReleaseS|Win32
		{3578942A-366F-4A2E-A563-743C78565B69}.ReleaseS|x64.ActiveCfg = ReleaseS|x64
		{3578942A-366F-4A2E-A563-743C78565B69}.ReleaseS|x64.Build.0 = ReleaseS|x64
		{3578942A-366F-4A2E-A563-743C78565B69}.ReleaseWithTrace|Pocket PC 2003 (ARMV4).ActiveCfg = ReleaseS|Smartphone 2003 (ARMV4)
		{3578942A-366F-4A2E-A563-743C78565B69}.ReleaseWithTrace|Smartphone 2003 (ARMV4).ActiveCfg = ReleaseS|Smartphone 2003 (ARMV4)
		{3578942A-366F-4A2E-A563-743C78565B69}.ReleaseWithTrace|Smartphone 2003 (ARMV4).Build.0 = ReleaseS|Smartphone 2003 (ARMV4)
		{3578942A-366F-4A2E-A563-743C78565B69}.ReleaseWithTrace|Smartphone 2003 (ARMV4).Deploy.0 = ReleaseS|Smartphone 2003 (ARMV4)
		{3578942A-366F-4A2E-A563-743C78565B69}.ReleaseWithTrace|Win32.ActiveCfg = ReleaseS|Smartphone 2003 (ARMV4)
		{3578942A-366F-4A2E-A563-743C78565B69}.ReleaseWithTrace|x64.ActiveCfg = ReleaseS|Smartphone 2003 (ARMV4)
		{FA286512-4165-4BCC-9C31-25C733CB5CE0}.Debug|Pocket PC 2003 (ARMV4).ActiveCfg = Debug|x64
		{FA286512-4165-4BCC-9C31-25C733CB5CE0}.Debug|Smartphone 2003 (ARMV4).ActiveCfg = Debug|x64
		{FA286512-4165-4BCC-9C31-25C733CB5CE0}.Debug|Win32.ActiveCfg = Debug|Win32
		{FA286512-4165-4BCC-9C31-25C733CB5CE0}.Debug|Win32.Build.0 = Debug|Win32
		{FA286512-4165-4BCC-9C31-25C733CB5CE0}.Debug|x64.ActiveCfg = Debug|x64
		{FA286512-4165-4BCC-9C31-25C733CB5CE0}.Debug|x64.Build.0 = Debug|x64
		{FA286512-4165-4BCC-9C31-25C733CB5CE0}.DebugS|Pocket PC 2003 (ARMV4).ActiveCfg = Debug|x64
		{FA286512-4165-4BCC-9C31-25C733CB5CE0}.DebugS|Smartphone 2003 (ARMV4).ActiveCfg = Debug|x64
		{FA286512-4165-4BCC-9C31-25C733CB5CE0}.DebugS|Win32.ActiveCfg = Debug|x64
		{FA286512-4165-4BCC-9C31-25C733CB5CE0}.DebugS|x64.ActiveCfg = Debug|x64
		{FA286512-4165-4BCC-9C31-25C733CB5CE0}.DebugS|x64.Build.0 = Debug|x64
		{FA286512-4165-4BCC-9C31-25C733CB5CE0}.Release|Pocket PC 2003 (ARMV4).ActiveCfg = Release|x64
		{FA286512-4165-4BCC-9C31-25C733CB5CE0}.Release|Smartphone 2003 (ARMV4).ActiveCfg = Release|x64
		{FA286512-4165-4BCC-9C31-25C733CB5CE0}.Release|Win32.ActiveCfg = Release|Win32
		{FA286512-4165-4BCC-9C31-25C733CB5CE0}.Release|Win32.Build.0 = Release|Win32
		{FA286512-4165-4BCC-9C31-25C733CB5CE0}.Release|x64.ActiveCfg = Release|x64
		{FA286512-4165-4BCC-9C31-25C733CB5CE0}.Release|x64.Build.0 = Release|x64
		{FA286512-4165-4BCC-9C31-25C733CB5CE0}.ReleaseS|Pocket PC 2003 (ARMV4).ActiveCfg = ReleaseS|x64
		{FA286512-4165-4BCC-9C31-25C733CB5CE0}.ReleaseS|Smartphone 2003 (ARMV4).ActiveCfg = ReleaseS|x64
		{FA286512-4165-4BCC-9C31-25C733CB5CE0}.ReleaseS|Win32.ActiveCfg = ReleaseS|Win32
		{FA286512-4165-4BCC-9C31-25C733CB5CE0}.ReleaseS|Win32.Build.0 = ReleaseS|Win32
		{FA286512-4165-4BCC-9C31-25C733CB5CE0}.ReleaseS|x64.ActiveCfg = ReleaseS|x64
		{FA286512-4165-4BCC-9C31-25C733CB5CE0}.ReleaseS|x64.Build.0 = ReleaseS|x64
		{FA286512-4165-4BCC-9C31-25C733CB5CE0}.ReleaseWithTrace|Pocket PC 2003 (ARMV4).ActiveCfg = ReleaseWithTrace|x64
		{FA286512-4165-4BCC-9C31-25C733CB5CE0}.ReleaseWithTrace|Smartphone 2003 (ARMV4).ActiveCfg = ReleaseWithTrace|x64
		{FA286512-4165-4BCC-9C31-25C733CB5CE0}.ReleaseWithTrace|Win32.ActiveCfg = ReleaseWithTrace|Win32
		{FA286512-4165-4BCC-9C31-25C733CB5CE0}.ReleaseWithTrace|Win32.Build.0 = ReleaseWithTrace|Win32
		{FA286512-4165-4BCC-9C31-25C733CB5CE0}.ReleaseWithTrace|x64.ActiveCfg = ReleaseWithTrace|x64
		{FA286512-4165-4BCC-9C31-25C733CB5CE0}.ReleaseWithTrace|x64.Build.0 = ReleaseWithTrace|x64
		{81300B2C-D185-4760-9953-9760D3F07A25}.Debug|Pocket PC 2003 (ARMV4).ActiveCfg = Debug|x64
		{81300B2C-D185-4760-9953-9760D3F07A25}.Debug|Smartphone 2003 (ARMV4).ActiveCfg = Debug|x64
		{81300B2C-D185-4760-9953-9760D3F07A25}.Debug|Win32.ActiveCfg = Debug|Win32
		{81300B2C-D185-4760-9953-9760D3F07A25}.Debug|Win32.Build.0 = Debug|Win32
		{81300B2C-D185-4760-9953-9760D3F07A25}.Debug|x64.ActiveCfg = Debug|x64
		{81300B2C-D185-4760-9953-9760D3F07A25}.Debug|x64.Build.0 = Debug|x64
		{81300B2C-D185-4760-9953-9760D3F07A25}.DebugS|Pocket PC 2003 (ARMV4).ActiveCfg = Debug|x64
		{81300B2C-D185-4760-9953-9760D3F07A25}.DebugS|Smartphone 2003 (ARMV4).ActiveCfg = Debug|x64
		{81300B2C-D185-4760-9953-9760D3F07A25}.DebugS|Win32.ActiveCfg = Debug|x64
		{81300B2C-D185-4760-9953-9760D3F07A25}.DebugS|x64.ActiveCfg = Debug|x64
		{81300B2C-D185-4760-9953-9760D3F07A25}.DebugS|x64.Build.0 = Debug|x64
		{81300B2C-D185-4760-9953-9760D3F07A25}.Release|Pocket PC 2003 (ARMV4).ActiveCfg = Release|x64
		{81300B2C-D185-4760-9953-9760D3F07A25}.Release|Smartphone 2003 (ARMV4).ActiveCfg = Release|x64
		{81300B2C-D185-4760-9953-9760D3F07A25}.Release|Win32.ActiveCfg = Release|Win32
		{81300B2C-D185-4760-9953-9760D3F07A25}.Release|Win32.Build.0 = Release|Win32
		{81300B2C-D185-4760-9953-9760D3F07A25}.Release|x64.ActiveCfg = Release|x64
		{81300B2C-D185-4760-9953-9760D3F07A25}.Release|x64.Build.0 = Release|x64
		{81300B2C-D185-4760-9953-9760D3F07A25}.ReleaseS|Pocket PC 2003 (ARMV4).ActiveCfg = Release|x64
		{81300B2C-D185-4760-9953-9760D3F07A25}.ReleaseS|Smartphone 2003 (ARMV4).ActiveCfg = Release|x64
		{81300B2C-D185-4760-9953-9760D3F07A25}.ReleaseS|Win32.ActiveCfg = Release|x64
		{81300B2C-D185-4760-9953-9760D3F07A25}.ReleaseS|x64.ActiveCfg = Release|x64
		{81300B2C-D185-4760-9953-9760D3F07A25}.ReleaseS|x64.Build.0 = Release|x64
		{81300B2C-D185-4760-9953-9760D3F07A25}.ReleaseWithTrace|Pocket PC 2003 (ARMV4).ActiveCfg = Release|x64
		{81300B2C-D185-4760-9953-9760D3F07A25}.ReleaseWithTrace|Smartphone 2003 (ARMV4).ActiveCfg = Release|x64
		{81300B2C-D185-4760-9953-9760D3F07A25}.ReleaseWithTrace|Win32.ActiveCfg = Release|x64
		{81300B2C-D185-4760-9953-9760D3F07A25}.ReleaseWithTrace|x64.ActiveCfg = Release|x64
		{81300B2C-D185-4760-9953-9760D3F07A25}.ReleaseWithTrace|x64.Build.0 = Release|x64
		{879CD9FC-356A-4851-BECA-91E630ED86AC}.Debug|Pocket PC 2003 (ARMV4).ActiveCfg = Debug|Pocket PC 2003 (ARMV4)
		{879CD9FC-356A-4851-BECA-91E630ED86AC}.Debug|Pocket PC 2003 (ARMV4).Build.0 = Debug|Pocket PC 2003 (ARMV4)
		{879CD9FC-356A-4851-BECA-91E630ED86AC}.Debug|Pocket PC 2003 (ARMV4).Deploy.0 = Debug|Pocket PC 2003 (ARMV4)
		{879CD9FC-356A-4851-BECA-91E630ED86AC}.Debug|Smartphone 2003 (ARMV4).ActiveCfg = Debug|Smartphone 2003 (ARMV4)
		{879CD9FC-356A-4851-BECA-91E630ED86AC}.Debug|Smartphone 2003 (ARMV4).Build.0 = Debug|Smartphone 2003 (ARMV4)
		{879CD9FC-356A-4851-BECA-91E630ED86AC}.Debug|Smartphone 2003 (ARMV4).Deploy.0 = Debug|Smartphone 2003 (ARMV4)
		{879CD9FC-356A-4851-BECA-91E630ED86AC}.Debug|Win32.ActiveCfg = Debug|Win32
		{879CD9FC-356A-4851-BECA-91E630ED86AC}.Debug|Win32.Build.0 = Debug|Win32
		{879CD9FC-356A-4851-BECA-91E630ED86AC}.Debug|x64.ActiveCfg = Debug|x64
		{879CD9FC-356A-4851-BECA-91E630ED86AC}.Debug|x64.Build.0 = Debug|x64
		{879CD9FC-356A-4851-BECA-91E630ED86AC}.DebugS|Pocket PC 2003 (ARMV4).ActiveCfg = Debug|Smartphone 2003 (ARMV4)
		{879CD9FC-356A-4851-BECA-91E630ED86AC}.DebugS|Smartphone 2003 (ARMV4).ActiveCfg = Debug|Smartphone 2003 (ARMV4)
		{879CD9FC-356A-4851-BECA-91E630ED86AC}.DebugS|Smartphone 2003 (ARMV4).Build.0 = Debug|Smartphone 2003 (ARMV4)
		{879CD9FC-356A-4851-BECA-91E630ED86AC}.DebugS|Smartphone 2003 (ARMV4).Deploy.0 = Debug|Smartphone 2003 (ARMV4)
		{879CD9FC-356A-4851-BECA-91E630ED86AC}.DebugS|Win32.ActiveCfg = Debug|Smartphone 2003 (ARMV4)
		{879CD9FC-356A-4851-BECA-91E630ED86AC}.DebugS|x64.ActiveCfg = Debug|Smartphone 2003 (ARMV4)
		{879CD9FC-356A-4851-BECA-91E630ED86AC}.Release|Pocket PC 2003 (ARMV4).ActiveCfg = Release|Pocket PC 2003 (ARMV4)
		{879CD9FC-356A-4851-BECA-91E630ED86AC}.Release|Pocket PC 2003 (ARMV4).Build.0 = Release|Pocket PC 2003 (ARMV4)
		{879CD9FC-356A-4851-BECA-91E630ED86AC}.Release|Pocket PC 2003 (ARMV4).Deploy.0 = Release|Pocket PC 2003 (ARMV4)
		{879CD9FC-356A-4851-BECA-91E630ED86AC}.Release|Smartphone 2003 (ARMV4).ActiveCfg = Release|Smartphone 2003 (ARMV4)
		{879CD9FC-356A-4851-BECA-91E630ED86AC}.Release|Smartphone 2003 (ARMV4).Build.0 = Release|Smartphone 2003 (ARMV4)
		{879CD9FC-356A-4851-BECA-91E630ED86AC}.Release|Smartphone 2003 (ARMV4).Deploy.0 = Release|Smartphone 2003 (ARMV4)
		{879CD9FC-356A-4851-BECA-91E630ED86AC}.Release|Win32.ActiveCfg = Release|Win32
		{879CD9FC-356A-4851-BECA-91E630ED86AC}.Release|Win32.Build.0 = Release|Win32
		{879CD9FC-356A-4851-BECA-91E630ED86AC}.Release|x64.ActiveCfg = Release|x64
		{879CD9FC-356A-4851-BECA-91E630ED86AC}.Release|x64.Build.0 = Release|x64
		{879CD9FC-356A-4851-BECA-91E630ED86AC}.ReleaseS|Pocket PC 2003 (ARMV4).ActiveCfg = Release|Smartphone 2003 (ARMV4)
		{879CD9FC-356A-4851-BECA-91E630ED86AC}.ReleaseS|Smartphone 2003 (ARMV4).ActiveCfg = Release|Smartphone 2003 (ARMV4)
		{879CD9FC-356A-4851-BECA-91E630ED86AC}.ReleaseS|Smartphone 2003 (ARMV4).Build.0 = Release|Smartphone 2003 (ARMV4)
		{879CD9FC-356A-4851-BECA-91E630ED86AC}.ReleaseS|Smartphone 2003 (ARMV4).Deploy.0 = Release|Smartphone 2003 (ARMV4)
		{879CD9FC-356A-4851-BECA-91E630ED86AC}.ReleaseS|Win32.ActiveCfg = Release|Smartphone 2003 (ARMV4)
		{879CD9FC-356A-4851-BECA-91E630ED86AC}.ReleaseS|x64.ActiveCfg = Release|Smartphone 2003 (ARMV4)
		{879CD9FC-356A-4851-BECA-91E630ED86AC}.ReleaseWithTrace|Pocket PC 2003 (ARMV4).ActiveCfg = Release|Smartphone 2003 (ARMV4)
		{879CD9FC-356A-4851-BECA-91E630ED86AC}.ReleaseWithTrace|Smartphone 2003 (ARMV4).ActiveCfg = Release|Smartphone 2003 (ARMV4)
		{879CD9FC-356A-4851-BECA-91E630ED86AC}.ReleaseWithTrace|Smartphone 2003 (ARMV4).Build.0 = Release|Smartphone 2003 (ARMV4)
		{879CD9FC-356A-4851-BECA-91E630ED86AC}.ReleaseWithTrace|Smartphone 2003 (ARMV4).Deploy.0 = Release|Smartphone 2003 (ARMV4)
		{879CD9FC-356A-4851-BECA-91E630ED86AC}.ReleaseWithTrace|Win32.ActiveCfg = Release|Smartphone 2003 (ARMV4)
		{879CD9FC-356A-4851-BECA-91E630ED86AC}.ReleaseWithTrace|x64.ActiveCfg = Release|Smartphone 2003 (ARMV4)
		{1BF54C00-4DA3-45DA-83E5-1E9292B1C5DD}.Debug|Pocket PC 2003 (ARMV4).ActiveCfg = Debug|x64
		{1BF54C00-4DA3-45DA-83E5-1E9292B1C5DD}.Debug|Smartphone 2003 (ARMV4).ActiveCfg = Debug|x64
		{1BF54C00-4DA3-45DA-83E5-1E9292B1C5DD}.Debug|Win32.ActiveCfg = Debug|Win32
		{1BF54C00-4DA3-45DA-83E5-1E9292B1C5DD}.Debug|Win32.Build.0 = Debug|Win32
		{1BF54C00-4DA3-45DA-83E5-1E9292B1C5DD}.Debug|x64.ActiveCfg = Debug|x64
		{1BF54C00-4DA3-45DA-83E5-1E9292B1C5DD}.Debug|x64.Build.0 = Debug|x64
		{1BF54C00-4DA3-45DA-83E5-1E9292B1C5DD}.DebugS|Pocket PC 2003 (ARMV4).ActiveCfg = Debug|x64
		{1BF54C00-4DA3-45DA-83E5-1E9292B1C5DD}.DebugS|Smartphone 2003 (ARMV4).ActiveCfg = Debug|x64
		{1BF54C00-4DA3-45DA-83E5-1E9292B1C5DD}.DebugS|Win32.ActiveCfg = Debug|x64
		{1BF54C00-4DA3-45DA-83E5-1E9292B1C5DD}.DebugS|x64.ActiveCfg = Debug|x64
		{1BF54C00-4DA3-45DA-83E5-1E9292B1C5DD}.DebugS|x64.Build.0 = Debug|x64
		{1BF54C00-4DA3-45DA-83E5-1E9292B1C5DD}.Release|Pocket PC 2003 (ARMV4).ActiveCfg = Release|x64
		{1BF54C00-4DA3-45DA-83E5-1E9292B1C5DD}.Release|Smartphone 2003 (ARMV4).ActiveCfg = Release|x64
		{1BF54C00-4DA3-45DA-83E5-1E9292B1C5DD}.Release|Win32.ActiveCfg = Release|Win32
		{1BF54C00-4DA3-45DA-83E5-1E9292B1C5DD}.Release|Win32.Build.0 = Release|Win32
		{1BF54C00-4DA3-45DA-83E5-1E9292B1C5DD}.Release|x64.ActiveCfg = Release|x64
		{1BF54C00-4DA3-45DA-83E5-1E9292B1C5DD}.Release|x64.Build.0 = Release|x64
		{1BF54C00-4DA3-45DA-83E5-1E9292B1C5DD}.ReleaseS|Pocket PC 2003 (ARMV4).ActiveCfg = Release|x64
		{1BF54C00-4DA3-45DA-83E5-1E9292B1C5DD}.ReleaseS|Smartphone 2003 (ARMV4).ActiveCfg = Release|x64
		{1BF54C00-4DA3-45DA-83E5-1E9292B1C5DD}.ReleaseS|Win32.ActiveCfg = Release|x64
		{1BF54C00-4DA3-45DA-83E5-1E9292B1C5DD}.ReleaseS|x64.ActiveCfg = Release|x64
		{1BF54C00-4DA3-45DA-83E5-1E9292B1C5DD}.ReleaseS|x64.Build.0 = Release|x64
		{1BF54C00-4DA3-45DA-83E5-1E9292B1C5DD}.ReleaseWithTrace|Pocket PC 2003 (ARMV4).ActiveCfg = Release|x64
		{1BF54C00-4DA3-45DA-83E5-1E9292B1C5DD}.ReleaseWithTrace|Smartphone 2003 (ARMV4).ActiveCfg = Release|x64
		{1BF54C00-4DA3-45DA-83E5-1E9292B1C5DD}.ReleaseWithTrace|Win32.ActiveCfg = Release|x64
		{1BF54C00-4DA3-45DA-83E5-1E9292B1C5DD}.ReleaseWithTrace|x64.ActiveCfg = Release|x64
		{1BF54C00-4DA3-45DA-83E5-1E9292B1C5DD}.ReleaseWithTrace|x64.Build.0 = Release|x64
		{D07D4292-9364-4736-B8EF-EA55318B4A42}.Debug|Pocket PC 2003 (ARMV4).ActiveCfg = Debug|x64
		{D07D4292-9364-4736-B8EF-EA55318B4A42}.Debug|Smartphone 2003 (ARMV4).ActiveCfg = Debug|x64
		{D07D4292-9364-4736-B8EF-EA55318B4A42}.Debug|Win32.ActiveCfg = Debug|Win32
		{D07D4292-9364-4736-B8EF-EA55318B4A42}.Debug|Win32.Build.0 = Debug|Win32
		{D07D4292-9364-4736-B8EF-EA55318B4A42}.Debug|x64.ActiveCfg = Debug|x64
		{D07D4292-9364-4736-B8EF-EA55318B4A42}.Debug|x64.Build.0 = Debug|x64
		{D07D4292-9364-4736-B8EF-EA55318B4A42}.DebugS|Pocket PC 2003 (ARMV4).ActiveCfg = Debug|x64
		{D07D4292-9364-4736-B8EF-EA55318B4A42}.DebugS|Smartphone 2003 (ARMV4).ActiveCfg = Debug|x64
		{D07D4292-9364-4736-B8EF-EA55318B4A42}.DebugS|Win32.ActiveCfg = Debug|x64
		{D07D4292-9364-4736-B8EF-EA55318B4A42}.DebugS|x64.ActiveCfg = Debug|x64
		{D07D4292-9364-4736-B8EF-EA55318B4A42}.DebugS|x64.Build.0 = Debug|x64
		{D07D4292-9364-4736-B8EF-EA55318B4A42}.Release|Pocket PC 2003 (ARMV4).ActiveCfg = Release|x64
		{D07D4292-9364-4736-B8EF-EA55318B4A42}.Release|Smartphone 2003 (ARMV4).ActiveCfg = Release|x64
		{D07D4292-9364-4736-B8EF-EA55318B4A42}.Release|Win32.ActiveCfg = Release|Win32
		{D07D4292-9364-4736-B8EF-EA55318B4A42}.Release|Win32.Build.0 = Release|Win32
		{D07D4292-9364-4736-B8EF-EA55318B4A42}.Release|x64.ActiveCfg = Release|x64
		{D07D4292-9364-4736-B8EF-EA55318B4A42}.Release|x64.Build.0 = Release|x64
		{D07D4292-9364-4736-B8EF-EA55318B4A42}.ReleaseS|Pocket PC 2003 (ARMV4).ActiveCfg = Release|x64
		{D07D4292-9364-4736-B8EF-EA55318B4A42}.ReleaseS|Smartphone 2003 (ARMV4).ActiveCfg = Release|x64
		{D07D4292-9364-4736-B8EF-EA55318B4A42}.ReleaseS|Win32.ActiveCfg = Release|x64
		{D07D4292-9364-4736-B8EF-EA55318B4A42}.ReleaseS|x64.ActiveCfg = Release|x64
		{D07D4292-9364-4736-B8EF-EA55318B4A42}.ReleaseS|x64.Build.0 = Release|x64
		{D07D4292-9364-4736-B8EF-EA55318B4A42}.ReleaseWithTrace|Pocket PC 2003 (ARMV4).ActiveCfg = Release|x64
		{D07D4292-9364-4736-B8EF-EA55318B4A42}.ReleaseWithTrace|Smartphone 2003 (ARMV4).ActiveCfg = Release|x64
		{D07D4292-9364-4736-B8EF-EA55318B4A42}.ReleaseWithTrace|Win32.ActiveCfg = Release|x64
		{D07D4292-9364-4736-B8EF-EA55318B4A42}.ReleaseWithTrace|x64.ActiveCfg = Release|x64
		{D07D4292-9364-4736-B8EF-EA55318B4A42}.ReleaseWithTrace|x64.Build.0 = Release|x64
		{69A41A3F-D92A-4630-A7E2-E11C8CAE267E}.Debug|Pocket PC 2003 (ARMV4).ActiveCfg = Debug|x64
		{69A41A3F-D92A-4630-A7E2-E11C8CAE267E}.Debug|Smartphone 2003 (ARMV4).ActiveCfg = Debug|x64
		{69A41A3F-D92A-4630-A7E2-E11C8CAE267E}.Debug|Win32.ActiveCfg = Debug|Win32
		{69A41A3F-D92A-4630-A7E2-E11C8CAE267E}.Debug|Win32.Build.0 = Debug|Win32
		{69A41A3F-D92A-4630-A7E2-E11C8CAE267E}.Debug|x64.ActiveCfg = Debug|x64
		{69A41A3F-D92A-4630-A7E2-E11C8CAE267E}.Debug|x64.Build.0 = Debug|x64
		{69A41A3F-D92A-4630-A7E2-E11C8CAE267E}.DebugS|Pocket PC 2003 (ARMV4).ActiveCfg = Debug|x64
		{69A41A3F-D92A-4630-A7E2-E11C8CAE267E}.DebugS|Smartphone 2003 (ARMV4).ActiveCfg = Debug|x64
		{69A41A3F-D92A-4630-A7E2-E11C8CAE267E}.DebugS|Win32.ActiveCfg = Debug|x64
		{69A41A3F-D92A-4630-A7E2-E11C8CAE267E}.DebugS|x64.ActiveCfg = Debug|x64
		{69A41A3F-D92A-4630-A7E2-E11C8CAE267E}.DebugS|x64.Build.0 = Debug|x64
		{69A41A3F-D92A-4630-A7E2-E11C8CAE267E}.Release|Pocket PC 2003 (ARMV4).ActiveCfg = Release|x64
		{69A41A3F-D92A-4630-A7E2-E11C8CAE267E}.Release|Smartphone 2003 (ARMV4).ActiveCfg = Release|x64
		{69A41A3F-D92A-4630-A7E2-E11C8CAE267E}.Release|Win32.ActiveCfg = Release|Win32
		{69A41A3F-D92A-4630-A7E2-E11C8CAE267E}.Release|Win32.Build.0 = Release|Win32
		{69A41A3F-D92A-4630-A7E2-E11C8CAE267E}.Release|x64.ActiveCfg = Release|x64
		{69A41A3F-D92A-4630-A7E2-E11C8CAE267E}.Release|x64.Build.0 = Release|x64
		{69A41A3F-D92A-4630-A7E2-E11C8CAE267E}.ReleaseS|Pocket PC 2003 (ARMV4).ActiveCfg = Release|x64
		{69A41A3F-D92A-4630-A7E2-E11C8CAE267E}.ReleaseS|Smartphone 2003 (ARMV4).ActiveCfg = Release|x64
		{69A41A3F-D92A-4630-A7E2-E11C8CAE267E}.ReleaseS|Win32.ActiveCfg = Release|x64
		{69A41A3F-D92A-4630-A7E2-E11C8CAE267E}.ReleaseS|x64.ActiveCfg = Release|x64
		{69A41A3F-D92A-4630-A7E2-E11C8CAE267E}.ReleaseS|x64.Build.0 = Release|x64
		{69A41A3F-D92A-4630-A7E2-E11C8CAE267E}.ReleaseWithTrace|Pocket PC 2003 (ARMV4).ActiveCfg = Release|x64
		{69A41A3F-D92A-4630-A7E2-E11C8CAE267E}.ReleaseWithTrace|Smartphone 2003 (ARMV4).ActiveCfg = Release|x64
		{69A41A3F-D92A-4630-A7E2-E11C8CAE267E}.ReleaseWithTrace|Win32.ActiveCfg = Release|x64
		{69A41A3F-D92A-4630-A7E2-E11C8CAE267E}.ReleaseWithTrace|x64.ActiveCfg = Release|x64
		{69A41A3F-D92A-4630-A7E2-E11C8CAE267E}.ReleaseWithTrace|x64.Build.0 = Release|x64
		{3A3D1531-8E74-442C-810C-4946B4F7EBAA}.Debug|Pocket PC 2003 (ARMV4).ActiveCfg = Debug|Pocket PC 2003 (ARMV4)
		{3A3D1531-8E74-442C-810C-4946B4F7EBAA}.Debug|Pocket PC 2003 (ARMV4).Build.0 = Debug|Pocket PC 2003 (ARMV4)
		{3A3D1531-8E74-442C-810C-4946B4F7EBAA}.Debug|Pocket PC 2003 (ARMV4).Deploy.0 = Debug|Pocket PC 2003 (ARMV4)
		{3A3D1531-8E74-442C-810C-4946B4F7EBAA}.Debug|Smartphone 2003 (ARMV4).ActiveCfg = Debug|Smartphone 2003 (ARMV4)
		{3A3D1531-8E74-442C-810C-4946B4F7EBAA}.Debug|Smartphone 2003 (ARMV4).Build.0 = Debug|Smartphone 2003 (ARMV4)
		{3A3D1531-8E74-442C-810C-4946B4F7EBAA}.Debug|Smartphone 2003 (ARMV4).Deploy.0 = Debug|Smartphone 2003 (ARMV4)
		{3A3D1531-8E74-442C-810C-4946B4F7EBAA}.Debug|Win32.ActiveCfg = Debug|Win32
		{3A3D1531-8E74-442C-810C-4946B4F7EBAA}.Debug|Win32.Build.0 = Debug|Win32
		{3A3D1531-8E74-442C-810C-4946B4F7EBAA}.Debug|x64.ActiveCfg = Debug|x64
		{3A3D1531-8E74-442C-810C-4946B4F7EBAA}.Debug|x64.Build.0 = Debug|x64
		{3A3D1531-8E74-442C-810C-4946B4F7EBAA}.DebugS|Pocket PC 2003 (ARMV4).ActiveCfg = Debug|Smartphone 2003 (ARMV4)
		{3A3D1531-8E74-442C-810C-4946B4F7EBAA}.DebugS|Smartphone 2003 (ARMV4).ActiveCfg = Debug|Smartphone 2003 (ARMV4)
		{3A3D1531-8E74-442C-810C-4946B4F7EBAA}.DebugS|Smartphone 2003 (ARMV4).Build.0 = Debug|Smartphone 2003 (ARMV4)
		{3A3D1531-8E74-442C-810C-4946B4F7EBAA}.DebugS|Smartphone 2003 (ARMV4).Deploy.0 = Debug|Smartphone 2003 (ARMV4)
		{3A3D1531-8E74-442C-810C-4946B4F7EBAA}.DebugS|Win32.ActiveCfg = Debug|Smartphone 2003 (ARMV4)
		{3A3D1531-8E74-442C-810C-4946B4F7EBAA}.DebugS|x64.ActiveCfg = Debug|Smartphone 2003 (ARMV4)
		{3A3D1531-8E74-442C-810C-4946B4F7EBAA}.Release|Pocket PC 2003 (ARMV4).ActiveCfg = Release|Pocket PC 2003 (ARMV4)
		{3A3D1531-8E74-442C-810C-4946B4F7EBAA}.Release|Pocket PC 2003 (ARMV4).Build.0 = Release|Pocket PC 2003 (ARMV4)
		{3A3D1531-8E74-442C-810C-4946B4F7EBAA}.Release|Pocket PC 2003 (ARMV4).Deploy.0 = Release|Pocket PC 2003 (ARMV4)
		{3A3D1531-8E74-442C-810C-4946B4F7EBAA}.Release|Smartphone 2003 (ARMV4).ActiveCfg = Release|Smartphone 2003 (ARMV4)
		{3A3D1531-8E74-442C-810C-4946B4F7EBAA}.Release|Smartphone 2003 (ARMV4).Build.0 = Release|Smartphone 2003 (ARMV4)
		{3A3D1531-8E74-442C-810C-4946B4F7EBAA}.Release|Smartphone 2003 (ARMV4).Deploy.0 = Release|Smartphone 2003 (ARMV4)
		{3A3D1531-8E74-442C-810C-4946B4F7EBAA}.Release|Win32.ActiveCfg = Release|Win32
		{3A3D1531-8E74-442C-810C-4946B4F7EBAA}.Release|Win32.Build.0 = Release|Win32
		{3A3D1531-8E74-442C-810C-4946B4F7EBAA}.Release|x64.ActiveCfg = Release|x64
		{3A3D1531-8E74-442C-810C-4946B4F7EBAA}.Release|x64.Build.0 = Release|x64
		{3A3D1531-8E74-442C-810C-4946B4F7EBAA}.ReleaseS|Pocket PC 2003 (ARMV4).ActiveCfg = Release|Smartphone 2003 (ARMV4)
		{3A3D1531-8E74-442C-810C-4946B4F7EBAA}.ReleaseS|Smartphone 2003 (ARMV4).ActiveCfg = Release|Smartphone 2003 (ARMV4)
		{3A3D1531-8E74-442C-810C-4946B4F7EBAA}.ReleaseS|Smartphone 2003 (ARMV4).Build.0 = Release|Smartphone 2003 (ARMV4)
		{3A3D1531-8E74-442C-810C-4946B4F7EBAA}.ReleaseS|Smartphone 2003 (ARMV4).Deploy.0 = Release|Smartphone 2003 (ARMV4)
		{3A3D1531-8E74-442C-810C-4946B4F7EBAA}.ReleaseS|Win32.ActiveCfg = Release|Smartphone 2003 (ARMV4)
		{3A3D1531-8E74-442C-810C-4946B4F7EBAA}.ReleaseS|x64.ActiveCfg = Release|Smartphone 2003 (ARMV4)
		{3A3D1531-8E74-442C-810C-4946B4F7EBAA}.ReleaseWithTrace|Pocket PC 2003 (ARMV4).ActiveCfg = Release|Smartphone 2003 (ARMV4)
		{3A3D1531-8E74-442C-810C-4946B4F7EBAA}.ReleaseWithTrace|Smartphone 2003 (ARMV4).ActiveCfg = Release|Smartphone 2003 (ARMV4)
		{3A3D1531-8E74-442C-810C-4946B4F7EBAA}.ReleaseWithTrace|Smartphone 2003 (ARMV4).Build.0 = Release|Smartphone 2003 (ARMV4)
		{3A3D1531-8E74-442C-810C-4946B4F7EBAA}.ReleaseWithTrace|Smartphone 2003 (ARMV4).Deploy.0 = Release|Smartphone 2003 (ARMV4)
		{3A3D1531-8E74-442C-810C-4946B4F7EBAA}.ReleaseWithTrace|Win32.ActiveCfg = Release|Smartphone 2003 (ARMV4)
		{3A3D1531-8E74-442C-810C-4946B4F7EBAA}.ReleaseWithTrace|x64.ActiveCfg = Release|Smartphone 2003 (ARMV4)
		{0E982873-16FC-4B38-8EA8-6F1C737BA3AE}.Debug|Pocket PC 2003 (ARMV4).ActiveCfg = Debug|x64
		{0E982873-16FC-4B38-8EA8-6F1C737BA3AE}.Debug|Smartphone 2003 (ARMV4).ActiveCfg = Debug|x64
		{0E982873-16FC-4B38-8EA8-6F1C737BA3AE}.Debug|Win32.ActiveCfg = Debug|Win32
		{0E982873-16FC-4B38-8EA8-6F1C737BA3AE}.Debug|Win32.Build.0 = Debug|Win32
		{0E982873-16FC-4B38-8EA8-6F1C737BA3AE}.Debug|x64.ActiveCfg = Debug|x64
		{0E982873-16FC-4B38-8EA8-6F1C737BA3AE}.Debug|x64.Build.0 = Debug|x64
		{0E982873-16FC-4B38-8EA8-6F1C737BA3AE}.DebugS|Pocket PC 2003 (ARMV4).ActiveCfg = Debug|x64
		{0E982873-16FC-4B38-8EA8-6F1C737BA3AE}.DebugS|Smartphone 2003 (ARMV4).ActiveCfg = Debug|x64
		{0E982873-16FC-4B38-8EA8-6F1C737BA3AE}.DebugS|Win32.ActiveCfg = Debug|x64
		{0E982873-16FC-4B38-8EA8-6F1C737BA3AE}.DebugS|x64.ActiveCfg = Debug|x64
		{0E982873-16FC-4B38-8EA8-6F1C737BA3AE}.DebugS|x64.Build.0 = Debug|x64
		{0E982873-16FC-4B38-8EA8-6F1C737BA3AE}.Release|Pocket PC 2003 (ARMV4).ActiveCfg = Release|x64
		{0E982873-16FC-4B38-8EA8-6F1C737BA3AE}.Release|Smartphone 2003 (ARMV4).ActiveCfg = Release|x64
		{0E982873-16FC-4B38-8EA8-6F1C737BA3AE}.Release|Win32.ActiveCfg = Release|Win32
		{0E982873-16FC-4B38-8EA8-6F1C737BA3AE}.Release|Win32.Build.0 = Release|Win32
		{0E982873-16FC-4B38-8EA8-6F1C737BA3AE}.Release|x64.ActiveCfg = Release|x64
		{0E982873-16FC-4B38-8EA8-6F1C737BA3AE}.Release|x64.Build.0 = Release|x64
		{0E982873-16FC-4B38-8EA8-6F1C737BA3AE}.ReleaseS|Pocket PC 2003 (ARMV4).ActiveCfg = ReleaseS|x64
		{0E982873-16FC-4B38-8EA8-6F1C737BA3AE}.ReleaseS|Smartphone 2003 (ARMV4).ActiveCfg = ReleaseS|x64
		{0E982873-16FC-4B38-8EA8-6F1C737BA3AE}.ReleaseS|Win32.ActiveCfg = ReleaseS|Win32
		{0E982873-16FC-4B38-8EA8-6F1C737BA3AE}.ReleaseS|Win32.Build.0 = ReleaseS|Win32
		{0E982873-16FC-4B38-8EA8-6F1C737BA3AE}.ReleaseS|x64.ActiveCfg = ReleaseS|x64
		{0E982873-16FC-4B38-8EA8-6F1C737BA3AE}.ReleaseS|x64.Build.0 = ReleaseS|x64
		{0E982873-16FC-4B38-8EA8-6F1C737BA3AE}.ReleaseWithTrace|Pocket PC 2003 (ARMV4).ActiveCfg = ReleaseS|x64
		{0E982873-16FC-4B38-8EA8-6F1C737BA3AE}.ReleaseWithTrace|Smartphone 2003 (ARMV4).ActiveCfg = ReleaseS|x64
		{0E982873-16FC-4B38-8EA8-6F1C737BA3AE}.ReleaseWithTrace|Win32.ActiveCfg = ReleaseS|x64
		{0E982873-16FC-4B38-8EA8-6F1C737BA3AE}.ReleaseWithTrace|x64.ActiveCfg = ReleaseS|x64
		{0E982873-16FC-4B38-8EA8-6F1C737BA3AE}.ReleaseWithTrace|x64.Build.0 = ReleaseS|x64
		{B7224B9F-77ED-436D-B302-8DDBF77B9942}.Debug|Pocket PC 2003 (ARMV4).ActiveCfg = Debug|Pocket PC 2003 (ARMV4)
		{B7224B9F-77ED-436D-B302-8DDBF77B9942}.Debug|Pocket PC 2003 (ARMV4).Build.0 = Debug|Pocket PC 2003 (ARMV4)
		{B7224B9F-77ED-436D-B302-8DDBF77B9942}.Debug|Pocket PC 2003 (ARMV4).Deploy.0 = Debug|Pocket PC 2003 (ARMV4)
		{B7224B9F-77ED-436D-B302-8DDBF77B9942}.Debug|Smartphone 2003 (ARMV4).ActiveCfg = Debug|Smartphone 2003 (ARMV4)
		{B7224B9F-77ED-436D-B302-8DDBF77B9942}.Debug|Smartphone 2003 (ARMV4).Build.0 = Debug|Smartphone 2003 (ARMV4)
		{B7224B9F-77ED-436D-B302-8DDBF77B9942}.Debug|Smartphone 2003 (ARMV4).Deploy.0 = Debug|Smartphone 2003 (ARMV4)
		{B7224B9F-77ED-436D-B302-8DDBF77B9942}.Debug|Win32.ActiveCfg = Debug|Win32
		{B7224B9F-77ED-436D-B302-8DDBF77B9942}.Debug|Win32.Build.0 = Debug|Win32
		{B7224B9F-77ED-436D-B302-8DDBF77B9942}.Debug|x64.ActiveCfg = Debug|x64
		{B7224B9F-77ED-436D-B302-8DDBF77B9942}.Debug|x64.Build.0 = Debug|x64
		{B7224B9F-77ED-436D-B302-8DDBF77B9942}.DebugS|Pocket PC 2003 (ARMV4).ActiveCfg = Debug|Pocket PC 2003 (ARMV4)
		{B7224B9F-77ED-436D-B302-8DDBF77B9942}.DebugS|Pocket PC 2003 (ARMV4).Build.0 = Debug|Pocket PC 2003 (ARMV4)
		{B7224B9F-77ED-436D-B302-8DDBF77B9942}.DebugS|Pocket PC 2003 (ARMV4).Deploy.0 = Debug|Pocket PC 2003 (ARMV4)
		{B7224B9F-77ED-436D-B302-8DDBF77B9942}.DebugS|Smartphone 2003 (ARMV4).ActiveCfg = Debug|Pocket PC 2003 (ARMV4)
		{B7224B9F-77ED-436D-B302-8DDBF77B9942}.DebugS|Win32.ActiveCfg = Debug|Pocket PC 2003 (ARMV4)
		{B7224B9F-77ED-436D-B302-8DDBF77B9942}.DebugS|x64.ActiveCfg = Debug|Pocket PC 2003 (ARMV4)
		{B7224B9F-77ED-436D-B302-8DDBF77B9942}.Release|Pocket PC 2003 (ARMV4).ActiveCfg = Release|Pocket PC 2003 (ARMV4)
		{B7224B9F-77ED-436D-B302-8DDBF77B9942}.Release|Pocket PC 2003 (ARMV4).Build.0 = Release|Pocket PC 2003 (ARMV4)
		{B7224B9F-77ED-436D-B302-8DDBF77B9942}.Release|Pocket PC 2003 (ARMV4).Deploy.0 = Release|Pocket PC 2003 (ARMV4)
		{B7224B9F-77ED-436D-B302-8DDBF77B9942}.Release|Smartphone 2003 (ARMV4).ActiveCfg = Release|Smartphone 2003 (ARMV4)
		{B7224B9F-77ED-436D-B302-8DDBF77B9942}.Release|Smartphone 2003 (ARMV4).Build.0 = Release|Smartphone 2003 (ARMV4)
		{B7224B9F-77ED-436D-B302-8DDBF77B9942}.Release|Smartphone 2003 (ARMV4).Deploy.0 = Release|Smartphone 2003 (ARMV4)
		{B7224B9F-77ED-436D-B302-8DDBF77B9942}.Release|Win32.ActiveCfg = Release|Win32
		{B7224B9F-77ED-436D-B302-8DDBF77B9942}.Release|Win32.Build.0 = Release|Win32
		{B7224B9F-77ED-436D-B302-8DDBF77B9942}.Release|x64.ActiveCfg = Release|x64
		{B7224B9F-77ED-436D-B302-8DDBF77B9942}.Release|x64.Build.0 = Release|x64
		{B7224B9F-77ED-436D-B302-8DDBF77B9942}.ReleaseS|Pocket PC 2003 (ARMV4).ActiveCfg = Release|Pocket PC 2003 (ARMV4)
		{B7224B9F-77ED-436D-B302-8DDBF77B9942}.ReleaseS|Pocket PC 2003 (ARMV4).Build.0 = Release|Pocket PC 2003 (ARMV4)
		{B7224B9F-77ED-436D-B302-8DDBF77B9942}.ReleaseS|Pocket PC 2003 (ARMV4).Deploy.0 = Release|Pocket PC 2003 (ARMV4)
		{B7224B9F-77ED-436D-B302-8DDBF77B9942}.ReleaseS|Smartphone 2003 (ARMV4).ActiveCfg = Release|Pocket PC 2003 (ARMV4)
		{B7224B9F-77ED-436D-B302-8DDBF77B9942}.ReleaseS|Win32.ActiveCfg = Release|Pocket PC 2003 (ARMV4)
		{B7224B9F-77ED-436D-B302-8DDBF77B9942}.ReleaseS|x64.ActiveCfg = Release|Pocket PC 2003 (ARMV4)
		{B7224B9F-77ED-436D-B302-8DDBF77B9942}.ReleaseWithTrace|Pocket PC 2003 (ARMV4).ActiveCfg = Release|Pocket PC 2003 (ARMV4)
		{B7224B9F-77ED-436D-B302-8DDBF77B9942}.ReleaseWithTrace|Pocket PC 2003 (ARMV4).Build.0 = Release|Pocket PC 2003 (ARMV4)
		{B7224B9F-77ED-436D-B302-8DDBF77B9942}.ReleaseWithTrace|Pocket PC 2003 (ARMV4).Deploy.0 = Release|Pocket PC 2003 (ARMV4)
		{B7224B9F-77ED-436D-B302-8DDBF77B9942}.ReleaseWithTrace|Smartphone 2003 (ARMV4).ActiveCfg = Release|Pocket PC 2003 (ARMV4)
		{B7224B9F-77ED-436D-B302-8DDBF77B9942}.ReleaseWithTrace|Win32.ActiveCfg = Release|Pocket PC 2003 (ARMV4)
		{B7224B9F-77ED-436D-B302-8DDBF77B9942}.ReleaseWithTrace|x64.ActiveCfg = Release|Pocket PC 2003 (ARMV4)
	EndGlobalSection
	GlobalSection(SolutionProperties) = preSolution
		HideSolutionNode = FALSE
	EndGlobalSection
EndGlobal
