
Microsoft Visual Studio Solution File, Format Version 9.00
# Visual Studio 2005
Project("{8BC9CEB8-8B4A-11D0-8D11-00A0C91BC942}") = "TransactionTest", "TransactionTest.vcproj", "{24265002-D72D-4C35-BA5B-DD17F8EF1721}"
EndProject
Global
	GlobalSection(SolutionConfigurationPlatforms) = preSolution
		Debug|Win32 = Debug|Win32
		Release|Win32 = Release|Win32
	EndGlobalSection
	GlobalSection(ProjectConfigurationPlatforms) = postSolution
		{24265002-D72D-4C35-BA5B-DD17F8EF1721}.Debug|Win32.ActiveCfg = Debug|Win32
		{24265002-D72D-4C35-BA5B-DD17F8EF1721}.Debug|Win32.Build.0 = Debug|Win32
		{24265002-D72D-4C35-BA5B-DD17F8EF1721}.Release|Win32.ActiveCfg = Release|Win32
		{24265002-D72D-4C35-BA5B-DD17F8EF1721}.Release|Win32.Build.0 = Release|Win32
	EndGlobalSection
	GlobalSection(SolutionProperties) = preSolution
		HideSolutionNode = FALSE
	EndGlobalSection
EndGlobal
