
Microsoft Visual Studio Solution File, Format Version 9.00
# Visual Studio 2005
Project("{8BC9CEB8-8B4A-11D0-8D11-00A0C91BC942}") = "CodeCoverage", "CodeCoverage\CodeCoverage.vcproj", "{E8E6BE54-2F47-4C9E-9747-BED6F168DE75}"
EndProject
Project("{2150E333-8FDC-42A3-9474-1A3956D46DE8}") = "Solution Items", "Solution Items", "{2D0CEB90-C819-46A8-B06B-3513D31C83FB}"
	ProjectSection(SolutionItems) = preProject
		localtestrun.testrunconfig = localtestrun.testrunconfig
		UnitTest.vsmdi = UnitTest.vsmdi
	EndProjectSection
EndProject
Project("{8BC9CEB8-8B4A-11D0-8D11-00A0C91BC942}") = "TestsCore", "TestsCore\TestsCore.vcproj", "{270874E8-F4DF-44D9-BE82-C8665E37ACE9}"
EndProject
Project("{8BC9CEB8-8B4A-11D0-8D11-00A0C91BC942}") = "dskm", "..\..\..\..\..\CommonFiles\Dskm\dskm.vcproj", "{285C8054-F1EA-4DAF-8906-A27AA384D8A7}"
EndProject
Project("{8BC9CEB8-8B4A-11D0-8D11-00A0C91BC942}") = "Property", "..\..\..\..\..\CommonFiles\Property\Property.vcproj", "{246253EF-A765-41A2-9B80-3D77FAF372C2}"
EndProject
Project("{8BC9CEB8-8B4A-11D0-8D11-00A0C91BC942}") = "SWManager", "..\..\..\..\..\CommonFiles\SWManager\SWManager.vcproj", "{2397C7E0-FFD8-4F7B-AEE2-C9368B5ED886}"
EndProject
Project("{8BC9CEB8-8B4A-11D0-8D11-00A0C91BC942}") = "CryptoC", "..\..\..\..\..\CommonFiles\Dskm\Gost\CryptoC\CryptoC.vcproj", "{EDD6E050-0D85-4FF3-99E7-FF694F42250D}"
EndProject
Project("{8BC9CEB8-8B4A-11D0-8D11-00A0C91BC942}") = "UnitTestNew", "UnitTestNew\UnitTestNew.vcproj", "{DA0CDDA9-8573-4925-BE82-80FE834EC23A}"
EndProject
Project("{8BC9CEB8-8B4A-11D0-8D11-00A0C91BC942}") = "Updater", "..\..\Client\core\Updater.vcproj", "{C2970DBF-EFC5-4236-B142-09B6D72E8D5A}"
EndProject
Global
	GlobalSection(TestCaseManagementSettings) = postSolution
		CategoryFile = UnitTest.vsmdi
	EndGlobalSection
	GlobalSection(SourceCodeControl) = preSolution
		SccNumberOfProjects = 2
		SccProjectUniqueName0 = UnitTestNew\\UnitTestNew.vcproj
		SccProjectName0 = UnitTestNew
		SccLocalPath0 = ..\\..
		SccProvider0 = MSSCCI:Perforce\u0020SCM
		SccProjectFilePathRelativizedFromConnection0 = UpdaterUnitTests\\UnitTest\\UnitTestNew\\
		SccProjectUniqueName1 = ..\\..\\Client\\core\\Updater.vcproj
		SccProjectName1 = Updater
		SccLocalPath1 = ..\\..\\Client\\core
		SccProvider1 = MSSCCI:Perforce\u0020SCM
	EndGlobalSection
	GlobalSection(SolutionConfigurationPlatforms) = preSolution
		Debug only DSKM|Win32 = Debug only DSKM|Win32
		Debug STLPort|Win32 = Debug STLPort|Win32
		Debug UNICODE|Win32 = Debug UNICODE|Win32
		Debug With Debug Key|Win32 = Debug With Debug Key|Win32
		Debug_Mt|Win32 = Debug_Mt|Win32
		Debug|Win32 = Debug|Win32
		DebugS With Debug Key|Win32 = DebugS With Debug Key|Win32
		DebugS|Win32 = DebugS|Win32
		DebugU|Win32 = DebugU|Win32
		DebugUS|Win32 = DebugUS|Win32
		Release only DSKM|Win32 = Release only DSKM|Win32
		Release STLPort|Win32 = Release STLPort|Win32
		Release UNICODE|Win32 = Release UNICODE|Win32
		Release_Mt|Win32 = Release_Mt|Win32
		Release|Win32 = Release|Win32
		ReleaseS Novell|Win32 = ReleaseS Novell|Win32
		ReleaseS|Win32 = ReleaseS|Win32
		ReleaseU|Win32 = ReleaseU|Win32
		ReleaseUS|Win32 = ReleaseUS|Win32
	EndGlobalSection
	GlobalSection(ProjectConfigurationPlatforms) = postSolution
		{E8E6BE54-2F47-4C9E-9747-BED6F168DE75}.Debug only DSKM|Win32.ActiveCfg = Debug|Win32
		{E8E6BE54-2F47-4C9E-9747-BED6F168DE75}.Debug only DSKM|Win32.Build.0 = Debug|Win32
		{E8E6BE54-2F47-4C9E-9747-BED6F168DE75}.Debug STLPort|Win32.ActiveCfg = Debug|Win32
		{E8E6BE54-2F47-4C9E-9747-BED6F168DE75}.Debug STLPort|Win32.Build.0 = Debug|Win32
		{E8E6BE54-2F47-4C9E-9747-BED6F168DE75}.Debug UNICODE|Win32.ActiveCfg = Debug-lib|Win32
		{E8E6BE54-2F47-4C9E-9747-BED6F168DE75}.Debug UNICODE|Win32.Build.0 = Debug-lib|Win32
		{E8E6BE54-2F47-4C9E-9747-BED6F168DE75}.Debug With Debug Key|Win32.ActiveCfg = Debug-lib|Win32
		{E8E6BE54-2F47-4C9E-9747-BED6F168DE75}.Debug With Debug Key|Win32.Build.0 = Debug-lib|Win32
		{E8E6BE54-2F47-4C9E-9747-BED6F168DE75}.Debug_Mt|Win32.ActiveCfg = Debug-lib|Win32
		{E8E6BE54-2F47-4C9E-9747-BED6F168DE75}.Debug_Mt|Win32.Build.0 = Debug-lib|Win32
		{E8E6BE54-2F47-4C9E-9747-BED6F168DE75}.Debug|Win32.ActiveCfg = Debug|Win32
		{E8E6BE54-2F47-4C9E-9747-BED6F168DE75}.Debug|Win32.Build.0 = Debug|Win32
		{E8E6BE54-2F47-4C9E-9747-BED6F168DE75}.DebugS With Debug Key|Win32.ActiveCfg = Debug-lib|Win32
		{E8E6BE54-2F47-4C9E-9747-BED6F168DE75}.DebugS With Debug Key|Win32.Build.0 = Debug-lib|Win32
		{E8E6BE54-2F47-4C9E-9747-BED6F168DE75}.DebugS|Win32.ActiveCfg = Debug-lib|Win32
		{E8E6BE54-2F47-4C9E-9747-BED6F168DE75}.DebugS|Win32.Build.0 = Debug-lib|Win32
		{E8E6BE54-2F47-4C9E-9747-BED6F168DE75}.DebugU|Win32.ActiveCfg = Debug-lib|Win32
		{E8E6BE54-2F47-4C9E-9747-BED6F168DE75}.DebugU|Win32.Build.0 = Debug-lib|Win32
		{E8E6BE54-2F47-4C9E-9747-BED6F168DE75}.DebugUS|Win32.ActiveCfg = Debug-lib|Win32
		{E8E6BE54-2F47-4C9E-9747-BED6F168DE75}.DebugUS|Win32.Build.0 = Debug-lib|Win32
		{E8E6BE54-2F47-4C9E-9747-BED6F168DE75}.Release only DSKM|Win32.ActiveCfg = Release|Win32
		{E8E6BE54-2F47-4C9E-9747-BED6F168DE75}.Release only DSKM|Win32.Build.0 = Release|Win32
		{E8E6BE54-2F47-4C9E-9747-BED6F168DE75}.Release STLPort|Win32.ActiveCfg = Release|Win32
		{E8E6BE54-2F47-4C9E-9747-BED6F168DE75}.Release STLPort|Win32.Build.0 = Release|Win32
		{E8E6BE54-2F47-4C9E-9747-BED6F168DE75}.Release UNICODE|Win32.ActiveCfg = Release|Win32
		{E8E6BE54-2F47-4C9E-9747-BED6F168DE75}.Release UNICODE|Win32.Build.0 = Release|Win32
		{E8E6BE54-2F47-4C9E-9747-BED6F168DE75}.Release_Mt|Win32.ActiveCfg = Release|Win32
		{E8E6BE54-2F47-4C9E-9747-BED6F168DE75}.Release_Mt|Win32.Build.0 = Release|Win32
		{E8E6BE54-2F47-4C9E-9747-BED6F168DE75}.Release|Win32.ActiveCfg = Release|Win32
		{E8E6BE54-2F47-4C9E-9747-BED6F168DE75}.Release|Win32.Build.0 = Release|Win32
		{E8E6BE54-2F47-4C9E-9747-BED6F168DE75}.ReleaseS Novell|Win32.ActiveCfg = Release|Win32
		{E8E6BE54-2F47-4C9E-9747-BED6F168DE75}.ReleaseS Novell|Win32.Build.0 = Release|Win32
		{E8E6BE54-2F47-4C9E-9747-BED6F168DE75}.ReleaseS|Win32.ActiveCfg = Release|Win32
		{E8E6BE54-2F47-4C9E-9747-BED6F168DE75}.ReleaseS|Win32.Build.0 = Release|Win32
		{E8E6BE54-2F47-4C9E-9747-BED6F168DE75}.ReleaseU|Win32.ActiveCfg = Release|Win32
		{E8E6BE54-2F47-4C9E-9747-BED6F168DE75}.ReleaseU|Win32.Build.0 = Release|Win32
		{E8E6BE54-2F47-4C9E-9747-BED6F168DE75}.ReleaseUS|Win32.ActiveCfg = Release|Win32
		{E8E6BE54-2F47-4C9E-9747-BED6F168DE75}.ReleaseUS|Win32.Build.0 = Release|Win32
		{270874E8-F4DF-44D9-BE82-C8665E37ACE9}.Debug only DSKM|Win32.ActiveCfg = Debug|Win32
		{270874E8-F4DF-44D9-BE82-C8665E37ACE9}.Debug only DSKM|Win32.Build.0 = Debug|Win32
		{270874E8-F4DF-44D9-BE82-C8665E37ACE9}.Debug STLPort|Win32.ActiveCfg = Debug|Win32
		{270874E8-F4DF-44D9-BE82-C8665E37ACE9}.Debug STLPort|Win32.Build.0 = Debug|Win32
		{270874E8-F4DF-44D9-BE82-C8665E37ACE9}.Debug UNICODE|Win32.ActiveCfg = Debug|Win32
		{270874E8-F4DF-44D9-BE82-C8665E37ACE9}.Debug UNICODE|Win32.Build.0 = Debug|Win32
		{270874E8-F4DF-44D9-BE82-C8665E37ACE9}.Debug With Debug Key|Win32.ActiveCfg = Debug|Win32
		{270874E8-F4DF-44D9-BE82-C8665E37ACE9}.Debug With Debug Key|Win32.Build.0 = Debug|Win32
		{270874E8-F4DF-44D9-BE82-C8665E37ACE9}.Debug_Mt|Win32.ActiveCfg = Debug|Win32
		{270874E8-F4DF-44D9-BE82-C8665E37ACE9}.Debug_Mt|Win32.Build.0 = Debug|Win32
		{270874E8-F4DF-44D9-BE82-C8665E37ACE9}.Debug|Win32.ActiveCfg = Debug|Win32
		{270874E8-F4DF-44D9-BE82-C8665E37ACE9}.Debug|Win32.Build.0 = Debug|Win32
		{270874E8-F4DF-44D9-BE82-C8665E37ACE9}.DebugS With Debug Key|Win32.ActiveCfg = Debug|Win32
		{270874E8-F4DF-44D9-BE82-C8665E37ACE9}.DebugS With Debug Key|Win32.Build.0 = Debug|Win32
		{270874E8-F4DF-44D9-BE82-C8665E37ACE9}.DebugS|Win32.ActiveCfg = Debug|Win32
		{270874E8-F4DF-44D9-BE82-C8665E37ACE9}.DebugS|Win32.Build.0 = Debug|Win32
		{270874E8-F4DF-44D9-BE82-C8665E37ACE9}.DebugU|Win32.ActiveCfg = Debug|Win32
		{270874E8-F4DF-44D9-BE82-C8665E37ACE9}.DebugU|Win32.Build.0 = Debug|Win32
		{270874E8-F4DF-44D9-BE82-C8665E37ACE9}.DebugUS|Win32.ActiveCfg = Debug|Win32
		{270874E8-F4DF-44D9-BE82-C8665E37ACE9}.DebugUS|Win32.Build.0 = Debug|Win32
		{270874E8-F4DF-44D9-BE82-C8665E37ACE9}.Release only DSKM|Win32.ActiveCfg = Release|Win32
		{270874E8-F4DF-44D9-BE82-C8665E37ACE9}.Release only DSKM|Win32.Build.0 = Release|Win32
		{270874E8-F4DF-44D9-BE82-C8665E37ACE9}.Release STLPort|Win32.ActiveCfg = Release|Win32
		{270874E8-F4DF-44D9-BE82-C8665E37ACE9}.Release STLPort|Win32.Build.0 = Release|Win32
		{270874E8-F4DF-44D9-BE82-C8665E37ACE9}.Release UNICODE|Win32.ActiveCfg = Release|Win32
		{270874E8-F4DF-44D9-BE82-C8665E37ACE9}.Release UNICODE|Win32.Build.0 = Release|Win32
		{270874E8-F4DF-44D9-BE82-C8665E37ACE9}.Release_Mt|Win32.ActiveCfg = Release|Win32
		{270874E8-F4DF-44D9-BE82-C8665E37ACE9}.Release_Mt|Win32.Build.0 = Release|Win32
		{270874E8-F4DF-44D9-BE82-C8665E37ACE9}.Release|Win32.ActiveCfg = Release|Win32
		{270874E8-F4DF-44D9-BE82-C8665E37ACE9}.Release|Win32.Build.0 = Release|Win32
		{270874E8-F4DF-44D9-BE82-C8665E37ACE9}.ReleaseS Novell|Win32.ActiveCfg = Release|Win32
		{270874E8-F4DF-44D9-BE82-C8665E37ACE9}.ReleaseS Novell|Win32.Build.0 = Release|Win32
		{270874E8-F4DF-44D9-BE82-C8665E37ACE9}.ReleaseS|Win32.ActiveCfg = Release|Win32
		{270874E8-F4DF-44D9-BE82-C8665E37ACE9}.ReleaseS|Win32.Build.0 = Release|Win32
		{270874E8-F4DF-44D9-BE82-C8665E37ACE9}.ReleaseU|Win32.ActiveCfg = Release|Win32
		{270874E8-F4DF-44D9-BE82-C8665E37ACE9}.ReleaseU|Win32.Build.0 = Release|Win32
		{270874E8-F4DF-44D9-BE82-C8665E37ACE9}.ReleaseUS|Win32.ActiveCfg = Release|Win32
		{270874E8-F4DF-44D9-BE82-C8665E37ACE9}.ReleaseUS|Win32.Build.0 = Release|Win32
		{285C8054-F1EA-4DAF-8906-A27AA384D8A7}.Debug only DSKM|Win32.ActiveCfg = DebugS|Win32
		{285C8054-F1EA-4DAF-8906-A27AA384D8A7}.Debug only DSKM|Win32.Build.0 = DebugS|Win32
		{285C8054-F1EA-4DAF-8906-A27AA384D8A7}.Debug STLPort|Win32.ActiveCfg = DebugS|Win32
		{285C8054-F1EA-4DAF-8906-A27AA384D8A7}.Debug STLPort|Win32.Build.0 = DebugS|Win32
		{285C8054-F1EA-4DAF-8906-A27AA384D8A7}.Debug UNICODE|Win32.ActiveCfg = DebugS|Win32
		{285C8054-F1EA-4DAF-8906-A27AA384D8A7}.Debug UNICODE|Win32.Build.0 = DebugS|Win32
		{285C8054-F1EA-4DAF-8906-A27AA384D8A7}.Debug With Debug Key|Win32.ActiveCfg = DebugS|Win32
		{285C8054-F1EA-4DAF-8906-A27AA384D8A7}.Debug With Debug Key|Win32.Build.0 = DebugS|Win32
		{285C8054-F1EA-4DAF-8906-A27AA384D8A7}.Debug_Mt|Win32.ActiveCfg = DebugS|Win32
		{285C8054-F1EA-4DAF-8906-A27AA384D8A7}.Debug_Mt|Win32.Build.0 = DebugS|Win32
		{285C8054-F1EA-4DAF-8906-A27AA384D8A7}.Debug|Win32.ActiveCfg = Debug|Win32
		{285C8054-F1EA-4DAF-8906-A27AA384D8A7}.Debug|Win32.Build.0 = Debug|Win32
		{285C8054-F1EA-4DAF-8906-A27AA384D8A7}.DebugS With Debug Key|Win32.ActiveCfg = DebugS|Win32
		{285C8054-F1EA-4DAF-8906-A27AA384D8A7}.DebugS With Debug Key|Win32.Build.0 = DebugS|Win32
		{285C8054-F1EA-4DAF-8906-A27AA384D8A7}.DebugS|Win32.ActiveCfg = DebugS|Win32
		{285C8054-F1EA-4DAF-8906-A27AA384D8A7}.DebugS|Win32.Build.0 = DebugS|Win32
		{285C8054-F1EA-4DAF-8906-A27AA384D8A7}.DebugU|Win32.ActiveCfg = DebugS|Win32
		{285C8054-F1EA-4DAF-8906-A27AA384D8A7}.DebugU|Win32.Build.0 = DebugS|Win32
		{285C8054-F1EA-4DAF-8906-A27AA384D8A7}.DebugUS|Win32.ActiveCfg = DebugS|Win32
		{285C8054-F1EA-4DAF-8906-A27AA384D8A7}.DebugUS|Win32.Build.0 = DebugS|Win32
		{285C8054-F1EA-4DAF-8906-A27AA384D8A7}.Release only DSKM|Win32.ActiveCfg = ReleaseS|Win32
		{285C8054-F1EA-4DAF-8906-A27AA384D8A7}.Release only DSKM|Win32.Build.0 = ReleaseS|Win32
		{285C8054-F1EA-4DAF-8906-A27AA384D8A7}.Release STLPort|Win32.ActiveCfg = ReleaseS|Win32
		{285C8054-F1EA-4DAF-8906-A27AA384D8A7}.Release STLPort|Win32.Build.0 = ReleaseS|Win32
		{285C8054-F1EA-4DAF-8906-A27AA384D8A7}.Release UNICODE|Win32.ActiveCfg = ReleaseS|Win32
		{285C8054-F1EA-4DAF-8906-A27AA384D8A7}.Release UNICODE|Win32.Build.0 = ReleaseS|Win32
		{285C8054-F1EA-4DAF-8906-A27AA384D8A7}.Release_Mt|Win32.ActiveCfg = ReleaseS|Win32
		{285C8054-F1EA-4DAF-8906-A27AA384D8A7}.Release_Mt|Win32.Build.0 = ReleaseS|Win32
		{285C8054-F1EA-4DAF-8906-A27AA384D8A7}.Release|Win32.ActiveCfg = Release|Win32
		{285C8054-F1EA-4DAF-8906-A27AA384D8A7}.Release|Win32.Build.0 = Release|Win32
		{285C8054-F1EA-4DAF-8906-A27AA384D8A7}.ReleaseS Novell|Win32.ActiveCfg = ReleaseS|Win32
		{285C8054-F1EA-4DAF-8906-A27AA384D8A7}.ReleaseS Novell|Win32.Build.0 = ReleaseS|Win32
		{285C8054-F1EA-4DAF-8906-A27AA384D8A7}.ReleaseS|Win32.ActiveCfg = ReleaseS|Win32
		{285C8054-F1EA-4DAF-8906-A27AA384D8A7}.ReleaseS|Win32.Build.0 = ReleaseS|Win32
		{285C8054-F1EA-4DAF-8906-A27AA384D8A7}.ReleaseU|Win32.ActiveCfg = ReleaseS|Win32
		{285C8054-F1EA-4DAF-8906-A27AA384D8A7}.ReleaseU|Win32.Build.0 = ReleaseS|Win32
		{285C8054-F1EA-4DAF-8906-A27AA384D8A7}.ReleaseUS|Win32.ActiveCfg = ReleaseS|Win32
		{285C8054-F1EA-4DAF-8906-A27AA384D8A7}.ReleaseUS|Win32.Build.0 = ReleaseS|Win32
		{246253EF-A765-41A2-9B80-3D77FAF372C2}.Debug only DSKM|Win32.ActiveCfg = Debug_Mt|Win32
		{246253EF-A765-41A2-9B80-3D77FAF372C2}.Debug only DSKM|Win32.Build.0 = Debug_Mt|Win32
		{246253EF-A765-41A2-9B80-3D77FAF372C2}.Debug STLPort|Win32.ActiveCfg = Debug_Mt|Win32
		{246253EF-A765-41A2-9B80-3D77FAF372C2}.Debug STLPort|Win32.Build.0 = Debug_Mt|Win32
		{246253EF-A765-41A2-9B80-3D77FAF372C2}.Debug UNICODE|Win32.ActiveCfg = Debug_Mt|Win32
		{246253EF-A765-41A2-9B80-3D77FAF372C2}.Debug UNICODE|Win32.Build.0 = Debug_Mt|Win32
		{246253EF-A765-41A2-9B80-3D77FAF372C2}.Debug With Debug Key|Win32.ActiveCfg = Debug_Mt|Win32
		{246253EF-A765-41A2-9B80-3D77FAF372C2}.Debug With Debug Key|Win32.Build.0 = Debug_Mt|Win32
		{246253EF-A765-41A2-9B80-3D77FAF372C2}.Debug_Mt|Win32.ActiveCfg = Debug_Mt|Win32
		{246253EF-A765-41A2-9B80-3D77FAF372C2}.Debug_Mt|Win32.Build.0 = Debug_Mt|Win32
		{246253EF-A765-41A2-9B80-3D77FAF372C2}.Debug|Win32.ActiveCfg = Debug|Win32
		{246253EF-A765-41A2-9B80-3D77FAF372C2}.Debug|Win32.Build.0 = Debug|Win32
		{246253EF-A765-41A2-9B80-3D77FAF372C2}.DebugS With Debug Key|Win32.ActiveCfg = DebugS|Win32
		{246253EF-A765-41A2-9B80-3D77FAF372C2}.DebugS With Debug Key|Win32.Build.0 = DebugS|Win32
		{246253EF-A765-41A2-9B80-3D77FAF372C2}.DebugS|Win32.ActiveCfg = DebugS|Win32
		{246253EF-A765-41A2-9B80-3D77FAF372C2}.DebugS|Win32.Build.0 = DebugS|Win32
		{246253EF-A765-41A2-9B80-3D77FAF372C2}.DebugU|Win32.ActiveCfg = DebugU|Win32
		{246253EF-A765-41A2-9B80-3D77FAF372C2}.DebugU|Win32.Build.0 = DebugU|Win32
		{246253EF-A765-41A2-9B80-3D77FAF372C2}.DebugUS|Win32.ActiveCfg = DebugUS|Win32
		{246253EF-A765-41A2-9B80-3D77FAF372C2}.DebugUS|Win32.Build.0 = DebugUS|Win32
		{246253EF-A765-41A2-9B80-3D77FAF372C2}.Release only DSKM|Win32.ActiveCfg = Release_Mt|Win32
		{246253EF-A765-41A2-9B80-3D77FAF372C2}.Release only DSKM|Win32.Build.0 = Release_Mt|Win32
		{246253EF-A765-41A2-9B80-3D77FAF372C2}.Release STLPort|Win32.ActiveCfg = Release_Mt|Win32
		{246253EF-A765-41A2-9B80-3D77FAF372C2}.Release STLPort|Win32.Build.0 = Release_Mt|Win32
		{246253EF-A765-41A2-9B80-3D77FAF372C2}.Release UNICODE|Win32.ActiveCfg = Release_Mt|Win32
		{246253EF-A765-41A2-9B80-3D77FAF372C2}.Release UNICODE|Win32.Build.0 = Release_Mt|Win32
		{246253EF-A765-41A2-9B80-3D77FAF372C2}.Release_Mt|Win32.ActiveCfg = Release_Mt|Win32
		{246253EF-A765-41A2-9B80-3D77FAF372C2}.Release_Mt|Win32.Build.0 = Release_Mt|Win32
		{246253EF-A765-41A2-9B80-3D77FAF372C2}.Release|Win32.ActiveCfg = Release|Win32
		{246253EF-A765-41A2-9B80-3D77FAF372C2}.Release|Win32.Build.0 = Release|Win32
		{246253EF-A765-41A2-9B80-3D77FAF372C2}.ReleaseS Novell|Win32.ActiveCfg = ReleaseS|Win32
		{246253EF-A765-41A2-9B80-3D77FAF372C2}.ReleaseS Novell|Win32.Build.0 = ReleaseS|Win32
		{246253EF-A765-41A2-9B80-3D77FAF372C2}.ReleaseS|Win32.ActiveCfg = ReleaseS|Win32
		{246253EF-A765-41A2-9B80-3D77FAF372C2}.ReleaseS|Win32.Build.0 = ReleaseS|Win32
		{246253EF-A765-41A2-9B80-3D77FAF372C2}.ReleaseU|Win32.ActiveCfg = ReleaseU|Win32
		{246253EF-A765-41A2-9B80-3D77FAF372C2}.ReleaseU|Win32.Build.0 = ReleaseU|Win32
		{246253EF-A765-41A2-9B80-3D77FAF372C2}.ReleaseUS|Win32.ActiveCfg = ReleaseUS|Win32
		{246253EF-A765-41A2-9B80-3D77FAF372C2}.ReleaseUS|Win32.Build.0 = ReleaseUS|Win32
		{2397C7E0-FFD8-4F7B-AEE2-C9368B5ED886}.Debug only DSKM|Win32.ActiveCfg = DebugUS|Win32
		{2397C7E0-FFD8-4F7B-AEE2-C9368B5ED886}.Debug only DSKM|Win32.Build.0 = DebugUS|Win32
		{2397C7E0-FFD8-4F7B-AEE2-C9368B5ED886}.Debug STLPort|Win32.ActiveCfg = DebugUS|Win32
		{2397C7E0-FFD8-4F7B-AEE2-C9368B5ED886}.Debug STLPort|Win32.Build.0 = DebugUS|Win32
		{2397C7E0-FFD8-4F7B-AEE2-C9368B5ED886}.Debug UNICODE|Win32.ActiveCfg = DebugUS|Win32
		{2397C7E0-FFD8-4F7B-AEE2-C9368B5ED886}.Debug UNICODE|Win32.Build.0 = DebugUS|Win32
		{2397C7E0-FFD8-4F7B-AEE2-C9368B5ED886}.Debug With Debug Key|Win32.ActiveCfg = DebugUS|Win32
		{2397C7E0-FFD8-4F7B-AEE2-C9368B5ED886}.Debug With Debug Key|Win32.Build.0 = DebugUS|Win32
		{2397C7E0-FFD8-4F7B-AEE2-C9368B5ED886}.Debug_Mt|Win32.ActiveCfg = DebugUS|Win32
		{2397C7E0-FFD8-4F7B-AEE2-C9368B5ED886}.Debug_Mt|Win32.Build.0 = DebugUS|Win32
		{2397C7E0-FFD8-4F7B-AEE2-C9368B5ED886}.Debug|Win32.ActiveCfg = Debug|Win32
		{2397C7E0-FFD8-4F7B-AEE2-C9368B5ED886}.Debug|Win32.Build.0 = Debug|Win32
		{2397C7E0-FFD8-4F7B-AEE2-C9368B5ED886}.DebugS With Debug Key|Win32.ActiveCfg = DebugS|Win32
		{2397C7E0-FFD8-4F7B-AEE2-C9368B5ED886}.DebugS With Debug Key|Win32.Build.0 = DebugS|Win32
		{2397C7E0-FFD8-4F7B-AEE2-C9368B5ED886}.DebugS|Win32.ActiveCfg = DebugS|Win32
		{2397C7E0-FFD8-4F7B-AEE2-C9368B5ED886}.DebugS|Win32.Build.0 = DebugS|Win32
		{2397C7E0-FFD8-4F7B-AEE2-C9368B5ED886}.DebugU|Win32.ActiveCfg = DebugU|Win32
		{2397C7E0-FFD8-4F7B-AEE2-C9368B5ED886}.DebugU|Win32.Build.0 = DebugU|Win32
		{2397C7E0-FFD8-4F7B-AEE2-C9368B5ED886}.DebugUS|Win32.ActiveCfg = DebugUS|Win32
		{2397C7E0-FFD8-4F7B-AEE2-C9368B5ED886}.DebugUS|Win32.Build.0 = DebugUS|Win32
		{2397C7E0-FFD8-4F7B-AEE2-C9368B5ED886}.Release only DSKM|Win32.ActiveCfg = ReleaseU|Win32
		{2397C7E0-FFD8-4F7B-AEE2-C9368B5ED886}.Release only DSKM|Win32.Build.0 = ReleaseU|Win32
		{2397C7E0-FFD8-4F7B-AEE2-C9368B5ED886}.Release STLPort|Win32.ActiveCfg = ReleaseU|Win32
		{2397C7E0-FFD8-4F7B-AEE2-C9368B5ED886}.Release STLPort|Win32.Build.0 = ReleaseU|Win32
		{2397C7E0-FFD8-4F7B-AEE2-C9368B5ED886}.Release UNICODE|Win32.ActiveCfg = ReleaseU|Win32
		{2397C7E0-FFD8-4F7B-AEE2-C9368B5ED886}.Release UNICODE|Win32.Build.0 = ReleaseU|Win32
		{2397C7E0-FFD8-4F7B-AEE2-C9368B5ED886}.Release_Mt|Win32.ActiveCfg = ReleaseU|Win32
		{2397C7E0-FFD8-4F7B-AEE2-C9368B5ED886}.Release_Mt|Win32.Build.0 = ReleaseU|Win32
		{2397C7E0-FFD8-4F7B-AEE2-C9368B5ED886}.Release|Win32.ActiveCfg = Release|Win32
		{2397C7E0-FFD8-4F7B-AEE2-C9368B5ED886}.Release|Win32.Build.0 = Release|Win32
		{2397C7E0-FFD8-4F7B-AEE2-C9368B5ED886}.ReleaseS Novell|Win32.ActiveCfg = ReleaseS|Win32
		{2397C7E0-FFD8-4F7B-AEE2-C9368B5ED886}.ReleaseS Novell|Win32.Build.0 = ReleaseS|Win32
		{2397C7E0-FFD8-4F7B-AEE2-C9368B5ED886}.ReleaseS|Win32.ActiveCfg = ReleaseS|Win32
		{2397C7E0-FFD8-4F7B-AEE2-C9368B5ED886}.ReleaseS|Win32.Build.0 = ReleaseS|Win32
		{2397C7E0-FFD8-4F7B-AEE2-C9368B5ED886}.ReleaseU|Win32.ActiveCfg = ReleaseU|Win32
		{2397C7E0-FFD8-4F7B-AEE2-C9368B5ED886}.ReleaseU|Win32.Build.0 = ReleaseU|Win32
		{2397C7E0-FFD8-4F7B-AEE2-C9368B5ED886}.ReleaseUS|Win32.ActiveCfg = ReleaseUS|Win32
		{2397C7E0-FFD8-4F7B-AEE2-C9368B5ED886}.ReleaseUS|Win32.Build.0 = ReleaseUS|Win32
		{EDD6E050-0D85-4FF3-99E7-FF694F42250D}.Debug only DSKM|Win32.ActiveCfg = DebugS|Win32
		{EDD6E050-0D85-4FF3-99E7-FF694F42250D}.Debug only DSKM|Win32.Build.0 = DebugS|Win32
		{EDD6E050-0D85-4FF3-99E7-FF694F42250D}.Debug STLPort|Win32.ActiveCfg = DebugS|Win32
		{EDD6E050-0D85-4FF3-99E7-FF694F42250D}.Debug STLPort|Win32.Build.0 = DebugS|Win32
		{EDD6E050-0D85-4FF3-99E7-FF694F42250D}.Debug UNICODE|Win32.ActiveCfg = DebugS|Win32
		{EDD6E050-0D85-4FF3-99E7-FF694F42250D}.Debug UNICODE|Win32.Build.0 = DebugS|Win32
		{EDD6E050-0D85-4FF3-99E7-FF694F42250D}.Debug With Debug Key|Win32.ActiveCfg = DebugS|Win32
		{EDD6E050-0D85-4FF3-99E7-FF694F42250D}.Debug With Debug Key|Win32.Build.0 = DebugS|Win32
		{EDD6E050-0D85-4FF3-99E7-FF694F42250D}.Debug_Mt|Win32.ActiveCfg = DebugS|Win32
		{EDD6E050-0D85-4FF3-99E7-FF694F42250D}.Debug_Mt|Win32.Build.0 = DebugS|Win32
		{EDD6E050-0D85-4FF3-99E7-FF694F42250D}.Debug|Win32.ActiveCfg = Debug|Win32
		{EDD6E050-0D85-4FF3-99E7-FF694F42250D}.Debug|Win32.Build.0 = Debug|Win32
		{EDD6E050-0D85-4FF3-99E7-FF694F42250D}.DebugS With Debug Key|Win32.ActiveCfg = DebugS|Win32
		{EDD6E050-0D85-4FF3-99E7-FF694F42250D}.DebugS With Debug Key|Win32.Build.0 = DebugS|Win32
		{EDD6E050-0D85-4FF3-99E7-FF694F42250D}.DebugS|Win32.ActiveCfg = DebugS|Win32
		{EDD6E050-0D85-4FF3-99E7-FF694F42250D}.DebugS|Win32.Build.0 = DebugS|Win32
		{EDD6E050-0D85-4FF3-99E7-FF694F42250D}.DebugU|Win32.ActiveCfg = DebugS|Win32
		{EDD6E050-0D85-4FF3-99E7-FF694F42250D}.DebugU|Win32.Build.0 = DebugS|Win32
		{EDD6E050-0D85-4FF3-99E7-FF694F42250D}.DebugUS|Win32.ActiveCfg = DebugS|Win32
		{EDD6E050-0D85-4FF3-99E7-FF694F42250D}.DebugUS|Win32.Build.0 = DebugS|Win32
		{EDD6E050-0D85-4FF3-99E7-FF694F42250D}.Release only DSKM|Win32.ActiveCfg = ReleaseS|Win32
		{EDD6E050-0D85-4FF3-99E7-FF694F42250D}.Release only DSKM|Win32.Build.0 = ReleaseS|Win32
		{EDD6E050-0D85-4FF3-99E7-FF694F42250D}.Release STLPort|Win32.ActiveCfg = ReleaseS|Win32
		{EDD6E050-0D85-4FF3-99E7-FF694F42250D}.Release STLPort|Win32.Build.0 = ReleaseS|Win32
		{EDD6E050-0D85-4FF3-99E7-FF694F42250D}.Release UNICODE|Win32.ActiveCfg = ReleaseS|Win32
		{EDD6E050-0D85-4FF3-99E7-FF694F42250D}.Release UNICODE|Win32.Build.0 = ReleaseS|Win32
		{EDD6E050-0D85-4FF3-99E7-FF694F42250D}.Release_Mt|Win32.ActiveCfg = ReleaseS|Win32
		{EDD6E050-0D85-4FF3-99E7-FF694F42250D}.Release_Mt|Win32.Build.0 = ReleaseS|Win32
		{EDD6E050-0D85-4FF3-99E7-FF694F42250D}.Release|Win32.ActiveCfg = Release|Win32
		{EDD6E050-0D85-4FF3-99E7-FF694F42250D}.Release|Win32.Build.0 = Release|Win32
		{EDD6E050-0D85-4FF3-99E7-FF694F42250D}.ReleaseS Novell|Win32.ActiveCfg = ReleaseS|Win32
		{EDD6E050-0D85-4FF3-99E7-FF694F42250D}.ReleaseS Novell|Win32.Build.0 = ReleaseS|Win32
		{EDD6E050-0D85-4FF3-99E7-FF694F42250D}.ReleaseS|Win32.ActiveCfg = ReleaseS|Win32
		{EDD6E050-0D85-4FF3-99E7-FF694F42250D}.ReleaseS|Win32.Build.0 = ReleaseS|Win32
		{EDD6E050-0D85-4FF3-99E7-FF694F42250D}.ReleaseU|Win32.ActiveCfg = ReleaseS|Win32
		{EDD6E050-0D85-4FF3-99E7-FF694F42250D}.ReleaseU|Win32.Build.0 = ReleaseS|Win32
		{EDD6E050-0D85-4FF3-99E7-FF694F42250D}.ReleaseUS|Win32.ActiveCfg = ReleaseS|Win32
		{EDD6E050-0D85-4FF3-99E7-FF694F42250D}.ReleaseUS|Win32.Build.0 = ReleaseS|Win32
		{DA0CDDA9-8573-4925-BE82-80FE834EC23A}.Debug only DSKM|Win32.ActiveCfg = Debug|Win32
		{DA0CDDA9-8573-4925-BE82-80FE834EC23A}.Debug only DSKM|Win32.Build.0 = Debug|Win32
		{DA0CDDA9-8573-4925-BE82-80FE834EC23A}.Debug STLPort|Win32.ActiveCfg = Debug|Win32
		{DA0CDDA9-8573-4925-BE82-80FE834EC23A}.Debug STLPort|Win32.Build.0 = Debug|Win32
		{DA0CDDA9-8573-4925-BE82-80FE834EC23A}.Debug UNICODE|Win32.ActiveCfg = Debug|Win32
		{DA0CDDA9-8573-4925-BE82-80FE834EC23A}.Debug UNICODE|Win32.Build.0 = Debug|Win32
		{DA0CDDA9-8573-4925-BE82-80FE834EC23A}.Debug With Debug Key|Win32.ActiveCfg = Debug|Win32
		{DA0CDDA9-8573-4925-BE82-80FE834EC23A}.Debug With Debug Key|Win32.Build.0 = Debug|Win32
		{DA0CDDA9-8573-4925-BE82-80FE834EC23A}.Debug_Mt|Win32.ActiveCfg = Debug|Win32
		{DA0CDDA9-8573-4925-BE82-80FE834EC23A}.Debug_Mt|Win32.Build.0 = Debug|Win32
		{DA0CDDA9-8573-4925-BE82-80FE834EC23A}.Debug|Win32.ActiveCfg = Debug|Win32
		{DA0CDDA9-8573-4925-BE82-80FE834EC23A}.Debug|Win32.Build.0 = Debug|Win32
		{DA0CDDA9-8573-4925-BE82-80FE834EC23A}.DebugS With Debug Key|Win32.ActiveCfg = Debug|Win32
		{DA0CDDA9-8573-4925-BE82-80FE834EC23A}.DebugS With Debug Key|Win32.Build.0 = Debug|Win32
		{DA0CDDA9-8573-4925-BE82-80FE834EC23A}.DebugS|Win32.ActiveCfg = Debug|Win32
		{DA0CDDA9-8573-4925-BE82-80FE834EC23A}.DebugS|Win32.Build.0 = Debug|Win32
		{DA0CDDA9-8573-4925-BE82-80FE834EC23A}.DebugU|Win32.ActiveCfg = Debug|Win32
		{DA0CDDA9-8573-4925-BE82-80FE834EC23A}.DebugU|Win32.Build.0 = Debug|Win32
		{DA0CDDA9-8573-4925-BE82-80FE834EC23A}.DebugUS|Win32.ActiveCfg = Debug|Win32
		{DA0CDDA9-8573-4925-BE82-80FE834EC23A}.DebugUS|Win32.Build.0 = Debug|Win32
		{DA0CDDA9-8573-4925-BE82-80FE834EC23A}.Release only DSKM|Win32.ActiveCfg = Release|Win32
		{DA0CDDA9-8573-4925-BE82-80FE834EC23A}.Release only DSKM|Win32.Build.0 = Release|Win32
		{DA0CDDA9-8573-4925-BE82-80FE834EC23A}.Release STLPort|Win32.ActiveCfg = Release|Win32
		{DA0CDDA9-8573-4925-BE82-80FE834EC23A}.Release STLPort|Win32.Build.0 = Release|Win32
		{DA0CDDA9-8573-4925-BE82-80FE834EC23A}.Release UNICODE|Win32.ActiveCfg = Release|Win32
		{DA0CDDA9-8573-4925-BE82-80FE834EC23A}.Release UNICODE|Win32.Build.0 = Release|Win32
		{DA0CDDA9-8573-4925-BE82-80FE834EC23A}.Release_Mt|Win32.ActiveCfg = Release|Win32
		{DA0CDDA9-8573-4925-BE82-80FE834EC23A}.Release_Mt|Win32.Build.0 = Release|Win32
		{DA0CDDA9-8573-4925-BE82-80FE834EC23A}.Release|Win32.ActiveCfg = Release|Win32
		{DA0CDDA9-8573-4925-BE82-80FE834EC23A}.Release|Win32.Build.0 = Release|Win32
		{DA0CDDA9-8573-4925-BE82-80FE834EC23A}.ReleaseS Novell|Win32.ActiveCfg = Release|Win32
		{DA0CDDA9-8573-4925-BE82-80FE834EC23A}.ReleaseS Novell|Win32.Build.0 = Release|Win32
		{DA0CDDA9-8573-4925-BE82-80FE834EC23A}.ReleaseS|Win32.ActiveCfg = Release|Win32
		{DA0CDDA9-8573-4925-BE82-80FE834EC23A}.ReleaseS|Win32.Build.0 = Release|Win32
		{DA0CDDA9-8573-4925-BE82-80FE834EC23A}.ReleaseU|Win32.ActiveCfg = Release|Win32
		{DA0CDDA9-8573-4925-BE82-80FE834EC23A}.ReleaseU|Win32.Build.0 = Release|Win32
		{DA0CDDA9-8573-4925-BE82-80FE834EC23A}.ReleaseUS|Win32.ActiveCfg = Release|Win32
		{DA0CDDA9-8573-4925-BE82-80FE834EC23A}.ReleaseUS|Win32.Build.0 = Release|Win32
		{C2970DBF-EFC5-4236-B142-09B6D72E8D5A}.Debug only DSKM|Win32.ActiveCfg = Debug|Win32
		{C2970DBF-EFC5-4236-B142-09B6D72E8D5A}.Debug only DSKM|Win32.Build.0 = Debug|Win32
		{C2970DBF-EFC5-4236-B142-09B6D72E8D5A}.Debug STLPort|Win32.ActiveCfg = DebugS|Win32
		{C2970DBF-EFC5-4236-B142-09B6D72E8D5A}.Debug STLPort|Win32.Build.0 = DebugS|Win32
		{C2970DBF-EFC5-4236-B142-09B6D72E8D5A}.Debug UNICODE|Win32.ActiveCfg = DebugS|Win32
		{C2970DBF-EFC5-4236-B142-09B6D72E8D5A}.Debug UNICODE|Win32.Build.0 = DebugS|Win32
		{C2970DBF-EFC5-4236-B142-09B6D72E8D5A}.Debug With Debug Key|Win32.ActiveCfg = DebugS|Win32
		{C2970DBF-EFC5-4236-B142-09B6D72E8D5A}.Debug With Debug Key|Win32.Build.0 = DebugS|Win32
		{C2970DBF-EFC5-4236-B142-09B6D72E8D5A}.Debug_Mt|Win32.ActiveCfg = DebugS|Win32
		{C2970DBF-EFC5-4236-B142-09B6D72E8D5A}.Debug_Mt|Win32.Build.0 = DebugS|Win32
		{C2970DBF-EFC5-4236-B142-09B6D72E8D5A}.Debug|Win32.ActiveCfg = Debug|Win32
		{C2970DBF-EFC5-4236-B142-09B6D72E8D5A}.Debug|Win32.Build.0 = Debug|Win32
		{C2970DBF-EFC5-4236-B142-09B6D72E8D5A}.DebugS With Debug Key|Win32.ActiveCfg = DebugS|Win32
		{C2970DBF-EFC5-4236-B142-09B6D72E8D5A}.DebugS With Debug Key|Win32.Build.0 = DebugS|Win32
		{C2970DBF-EFC5-4236-B142-09B6D72E8D5A}.DebugS|Win32.ActiveCfg = DebugS|Win32
		{C2970DBF-EFC5-4236-B142-09B6D72E8D5A}.DebugS|Win32.Build.0 = DebugS|Win32
		{C2970DBF-EFC5-4236-B142-09B6D72E8D5A}.DebugU|Win32.ActiveCfg = DebugS|Win32
		{C2970DBF-EFC5-4236-B142-09B6D72E8D5A}.DebugU|Win32.Build.0 = DebugS|Win32
		{C2970DBF-EFC5-4236-B142-09B6D72E8D5A}.DebugUS|Win32.ActiveCfg = DebugS|Win32
		{C2970DBF-EFC5-4236-B142-09B6D72E8D5A}.DebugUS|Win32.Build.0 = DebugS|Win32
		{C2970DBF-EFC5-4236-B142-09B6D72E8D5A}.Release only DSKM|Win32.ActiveCfg = ReleaseS|Win32
		{C2970DBF-EFC5-4236-B142-09B6D72E8D5A}.Release only DSKM|Win32.Build.0 = ReleaseS|Win32
		{C2970DBF-EFC5-4236-B142-09B6D72E8D5A}.Release STLPort|Win32.ActiveCfg = ReleaseS|Win32
		{C2970DBF-EFC5-4236-B142-09B6D72E8D5A}.Release STLPort|Win32.Build.0 = ReleaseS|Win32
		{C2970DBF-EFC5-4236-B142-09B6D72E8D5A}.Release UNICODE|Win32.ActiveCfg = ReleaseS|Win32
		{C2970DBF-EFC5-4236-B142-09B6D72E8D5A}.Release UNICODE|Win32.Build.0 = ReleaseS|Win32
		{C2970DBF-EFC5-4236-B142-09B6D72E8D5A}.Release_Mt|Win32.ActiveCfg = ReleaseS|Win32
		{C2970DBF-EFC5-4236-B142-09B6D72E8D5A}.Release_Mt|Win32.Build.0 = ReleaseS|Win32
		{C2970DBF-EFC5-4236-B142-09B6D72E8D5A}.Release|Win32.ActiveCfg = Release|Win32
		{C2970DBF-EFC5-4236-B142-09B6D72E8D5A}.Release|Win32.Build.0 = Release|Win32
		{C2970DBF-EFC5-4236-B142-09B6D72E8D5A}.ReleaseS Novell|Win32.ActiveCfg = ReleaseS|Win32
		{C2970DBF-EFC5-4236-B142-09B6D72E8D5A}.ReleaseS Novell|Win32.Build.0 = ReleaseS|Win32
		{C2970DBF-EFC5-4236-B142-09B6D72E8D5A}.ReleaseS|Win32.ActiveCfg = ReleaseS|Win32
		{C2970DBF-EFC5-4236-B142-09B6D72E8D5A}.ReleaseS|Win32.Build.0 = ReleaseS|Win32
		{C2970DBF-EFC5-4236-B142-09B6D72E8D5A}.ReleaseU|Win32.ActiveCfg = ReleaseS|Win32
		{C2970DBF-EFC5-4236-B142-09B6D72E8D5A}.ReleaseU|Win32.Build.0 = ReleaseS|Win32
		{C2970DBF-EFC5-4236-B142-09B6D72E8D5A}.ReleaseUS|Win32.ActiveCfg = ReleaseS|Win32
		{C2970DBF-EFC5-4236-B142-09B6D72E8D5A}.ReleaseUS|Win32.Build.0 = ReleaseS|Win32
	EndGlobalSection
	GlobalSection(SolutionProperties) = preSolution
		HideSolutionNode = FALSE
	EndGlobalSection
EndGlobal
