
Microsoft Visual Studio Solution File, Format Version 9.00
# Visual Studio 2005
Project("{8BC9CEB8-8B4A-11D0-8D11-00A0C91BC942}") = "LoadDriver", "LoadDriver.vcproj", "{F9C241EF-686D-4AD6-823B-FDCAD5FE79CE}"
EndProject
Global
	GlobalSection(SolutionConfigurationPlatforms) = preSolution
		Debug|Win32 = Debug|Win32
		Release|Win32 = Release|Win32
	EndGlobalSection
	GlobalSection(ProjectConfigurationPlatforms) = postSolution
		{F9C241EF-686D-4AD6-823B-FDCAD5FE79CE}.Debug|Win32.ActiveCfg = Debug|Win32
		{F9C241EF-686D-4AD6-823B-FDCAD5FE79CE}.Debug|Win32.Build.0 = Debug|Win32
		{F9C241EF-686D-4AD6-823B-FDCAD5FE79CE}.Release|Win32.ActiveCfg = Release|Win32
		{F9C241EF-686D-4AD6-823B-FDCAD5FE79CE}.Release|Win32.Build.0 = Release|Win32
	EndGlobalSection
	GlobalSection(SolutionProperties) = preSolution
		HideSolutionNode = FALSE
	EndGlobalSection
EndGlobal
